// !$*UTF8*$!
{
	archiveVersion = 1;
	classes = {
	};
	objectVersion = 55;
	objects = {

/* Begin PBXBuildFile section */
		4F1A9DC227384193008774B7 /* MenuCell.swift in Sources */ = {isa = PBXBuildFile; fileRef = 4F1A9DC127384193008774B7 /* MenuCell.swift */; };
		4F39F1D327358D6200CDDDEF /* AppDelegate.swift in Sources */ = {isa = PBXBuildFile; fileRef = 4F39F1D227358D6200CDDDEF /* AppDelegate.swift */; };
		4F39F1D527358D6200CDDDEF /* SceneDelegate.swift in Sources */ = {isa = PBXBuildFile; fileRef = 4F39F1D427358D6200CDDDEF /* SceneDelegate.swift */; };
		4F39F1D727358D6200CDDDEF /* ViewController.swift in Sources */ = {isa = PBXBuildFile; fileRef = 4F39F1D627358D6200CDDDEF /* ViewController.swift */; };
		4F39F1DA27358D6200CDDDEF /* Main.storyboard in Resources */ = {isa = PBXBuildFile; fileRef = 4F39F1D827358D6200CDDDEF /* Main.storyboard */; };
		4F39F1DC27358D6300CDDDEF /* Assets.xcassets in Resources */ = {isa = PBXBuildFile; fileRef = 4F39F1DB27358D6300CDDDEF /* Assets.xcassets */; };
		4F39F1EB2735D1E500CDDDEF /* LaunchScreen.storyboard in Resources */ = {isa = PBXBuildFile; fileRef = 4F39F1EA2735D1E500CDDDEF /* LaunchScreen.storyboard */; };
		4F6432DD273902E6008CADFF /* MenueController.swift in Sources */ = {isa = PBXBuildFile; fileRef = 4F6432DC273902E6008CADFF /* MenueController.swift */; };
		4F6435532737D915004D9906 /* HomeViewController.swift in Sources */ = {isa = PBXBuildFile; fileRef = 4F6435522737D915004D9906 /* HomeViewController.swift */; };
		4F6435652737FEBF004D9906 /* HomeCollectionView.swift in Sources */ = {isa = PBXBuildFile; fileRef = 4F6435642737FEBF004D9906 /* HomeCollectionView.swift */; };
		4F6435672737FEDA004D9906 /* CollectionViewImg.swift in Sources */ = {isa = PBXBuildFile; fileRef = 4F6435662737FEDA004D9906 /* CollectionViewImg.swift */; };
		4F6EF26F273A8F1200F76523 /* Localizable.strings in Resources */ = {isa = PBXBuildFile; fileRef = 4F6EF271273A8F1200F76523 /* Localizable.strings */; };
		4F89A136273BA0C200976B7E /* Map.swift in Sources */ = {isa = PBXBuildFile; fileRef = 4F89A135273BA0C200976B7E /* Map.swift */; };
/* End PBXBuildFile section */

/* Begin PBXFileReference section */
		4F1A9DC127384193008774B7 /* MenuCell.swift */ = {isa = PBXFileReference; lastKnownFileType = sourcecode.swift; path = MenuCell.swift; sourceTree = "<group>"; };
		4F39F1CF27358D6200CDDDEF /* Marssai.app */ = {isa = PBXFileReference; explicitFileType = wrapper.application; includeInIndex = 0; path = Marssai.app; sourceTree = BUILT_PRODUCTS_DIR; };
		4F39F1D227358D6200CDDDEF /* AppDelegate.swift */ = {isa = PBXFileReference; lastKnownFileType = sourcecode.swift; path = AppDelegate.swift; sourceTree = "<group>"; };
		4F39F1D427358D6200CDDDEF /* SceneDelegate.swift */ = {isa = PBXFileReference; lastKnownFileType = sourcecode.swift; path = SceneDelegate.swift; sourceTree = "<group>"; };
		4F39F1D627358D6200CDDDEF /* ViewController.swift */ = {isa = PBXFileReference; lastKnownFileType = sourcecode.swift; path = ViewController.swift; sourceTree = "<group>"; };
		4F39F1D927358D6200CDDDEF /* Base */ = {isa = PBXFileReference; lastKnownFileType = file.storyboard; name = Base; path = Base.lproj/Main.storyboard; sourceTree = "<group>"; };
		4F39F1DB27358D6300CDDDEF /* Assets.xcassets */ = {isa = PBXFileReference; lastKnownFileType = folder.assetcatalog; path = Assets.xcassets; sourceTree = "<group>"; };
		4F39F1E027358D6300CDDDEF /* Info.plist */ = {isa = PBXFileReference; lastKnownFileType = text.plist.xml; path = Info.plist; sourceTree = "<group>"; };
		4F39F1EA2735D1E500CDDDEF /* LaunchScreen.storyboard */ = {isa = PBXFileReference; lastKnownFileType = file.storyboard; path = LaunchScreen.storyboard; sourceTree = "<group>"; };
		4F6432DC273902E6008CADFF /* MenueController.swift */ = {isa = PBXFileReference; lastKnownFileType = sourcecode.swift; path = MenueController.swift; sourceTree = "<group>"; };
		4F6435522737D915004D9906 /* HomeViewController.swift */ = {isa = PBXFileReference; lastKnownFileType = sourcecode.swift; path = HomeViewController.swift; sourceTree = "<group>"; };
		4F6435642737FEBF004D9906 /* HomeCollectionView.swift */ = {isa = PBXFileReference; lastKnownFileType = sourcecode.swift; path = HomeCollectionView.swift; sourceTree = "<group>"; };
		4F6435662737FEDA004D9906 /* CollectionViewImg.swift */ = {isa = PBXFileReference; lastKnownFileType = sourcecode.swift; path = CollectionViewImg.swift; sourceTree = "<group>"; };
		4F6EF26C273A637400F76523 /* ar-SA */ = {isa = PBXFileReference; lastKnownFileType = text.plist.strings; name = "ar-SA"; path = "ar-SA.lproj/Main.strings"; sourceTree = "<group>"; };
		4F6EF270273A8F1200F76523 /* ar-SA */ = {isa = PBXFileReference; lastKnownFileType = text.plist.strings; name = "ar-SA"; path = "ar-SA.lproj/Localizable.strings"; sourceTree = "<group>"; };
		4F6EF272273A8F1B00F76523 /* en */ = {isa = PBXFileReference; lastKnownFileType = text.plist.strings; name = en; path = en.lproj/Localizable.strings; sourceTree = "<group>"; };
		4F89A135273BA0C200976B7E /* Map.swift */ = {isa = PBXFileReference; lastKnownFileType = sourcecode.swift; path = Map.swift; sourceTree = "<group>"; };
/* End PBXFileReference section */

/* Begin PBXFrameworksBuildPhase section */
		4F39F1CC27358D6200CDDDEF /* Frameworks */ = {
			isa = PBXFrameworksBuildPhase;
			buildActionMask = 2147483647;
			files = (
			);
			runOnlyForDeploymentPostprocessing = 0;
		};
/* End PBXFrameworksBuildPhase section */

/* Begin PBXGroup section */
		4F39F1C627358D6200CDDDEF = {
			isa = PBXGroup;
			children = (
				4F39F1D127358D6200CDDDEF /* myProjct */,
				4F39F1D027358D6200CDDDEF /* Products */,
			);
			sourceTree = "<group>";
		};
		4F39F1D027358D6200CDDDEF /* Products */ = {
			isa = PBXGroup;
			children = (
				4F39F1CF27358D6200CDDDEF /* Marssai.app */,
			);
			name = Products;
			sourceTree = "<group>";
		};
		4F39F1D127358D6200CDDDEF /* myProjct */ = {
			isa = PBXGroup;
			children = (
				4F39F1D227358D6200CDDDEF /* AppDelegate.swift */,
				4F39F1D427358D6200CDDDEF /* SceneDelegate.swift */,
				4F39F1D627358D6200CDDDEF /* ViewController.swift */,
				4F6435522737D915004D9906 /* HomeViewController.swift */,
				4F39F1D827358D6200CDDDEF /* Main.storyboard */,
				4F39F1EA2735D1E500CDDDEF /* LaunchScreen.storyboard */,
				4F39F1DB27358D6300CDDDEF /* Assets.xcassets */,
				4F39F1E027358D6300CDDDEF /* Info.plist */,
				4F6435642737FEBF004D9906 /* HomeCollectionView.swift */,
				4F6435662737FEDA004D9906 /* CollectionViewImg.swift */,
				4F1A9DC127384193008774B7 /* MenuCell.swift */,
				4F6432DC273902E6008CADFF /* MenueController.swift */,
				4F6EF271273A8F1200F76523 /* Localizable.strings */,
				4F89A135273BA0C200976B7E /* Map.swift */,
			);
			path = myProjct;
			sourceTree = "<group>";
		};
/* End PBXGroup section */

/* Begin PBXNativeTarget section */
		4F39F1CE27358D6200CDDDEF /* Marssai */ = {
			isa = PBXNativeTarget;
			buildConfigurationList = 4F39F1E327358D6300CDDDEF /* Build configuration list for PBXNativeTarget "Marssai" */;
			buildPhases = (
				4F39F1CB27358D6200CDDDEF /* Sources */,
				4F39F1CC27358D6200CDDDEF /* Frameworks */,
				4F39F1CD27358D6200CDDDEF /* Resources */,
			);
			buildRules = (
			);
			dependencies = (
			);
			name = Marssai;
			productName = myProjct;
			productReference = 4F39F1CF27358D6200CDDDEF /* Marssai.app */;
			productType = "com.apple.product-type.application";
		};
/* End PBXNativeTarget section */

/* Begin PBXProject section */
		4F39F1C727358D6200CDDDEF /* Project object */ = {
			isa = PBXProject;
			attributes = {
				BuildIndependentTargetsInParallel = 1;
				LastSwiftUpdateCheck = 1300;
				LastUpgradeCheck = 1300;
				TargetAttributes = {
					4F39F1CE27358D6200CDDDEF = {
						CreatedOnToolsVersion = 13.0;
					};
				};
			};
			buildConfigurationList = 4F39F1CA27358D6200CDDDEF /* Build configuration list for PBXProject "Marsaai" */;
			compatibilityVersion = "Xcode 13.0";
			developmentRegion = en;
			hasScannedForEncodings = 0;
			knownRegions = (
				en,
				Base,
				"ar-SA",
			);
			mainGroup = 4F39F1C627358D6200CDDDEF;
			productRefGroup = 4F39F1D027358D6200CDDDEF /* Products */;
			projectDirPath = "";
			projectRoot = "";
			targets = (
				4F39F1CE27358D6200CDDDEF /* Marssai */,
			);
		};
/* End PBXProject section */

/* Begin PBXResourcesBuildPhase section */
		4F39F1CD27358D6200CDDDEF /* Resources */ = {
			isa = PBXResourcesBuildPhase;
			buildActionMask = 2147483647;
			files = (
				4F39F1EB2735D1E500CDDDEF /* LaunchScreen.storyboard in Resources */,
				4F6EF26F273A8F1200F76523 /* Localizable.strings in Resources */,
				4F39F1DC27358D6300CDDDEF /* Assets.xcassets in Resources */,
				4F39F1DA27358D6200CDDDEF /* Main.storyboard in Resources */,
			);
			runOnlyForDeploymentPostprocessing = 0;
		};
/* End PBXResourcesBuildPhase section */

/* Begin PBXSourcesBuildPhase section */
		4F39F1CB27358D6200CDDDEF /* Sources */ = {
			isa = PBXSourcesBuildPhase;
			buildActionMask = 2147483647;
			files = (
				4F6435652737FEBF004D9906 /* HomeCollectionView.swift in Sources */,
				4F39F1D727358D6200CDDDEF /* ViewController.swift in Sources */,
				4F39F1D327358D6200CDDDEF /* AppDelegate.swift in Sources */,
				4F39F1D527358D6200CDDDEF /* SceneDelegate.swift in Sources */,
				4F1A9DC227384193008774B7 /* MenuCell.swift in Sources */,
				4F6435532737D915004D9906 /* HomeViewController.swift in Sources */,
				4F6432DD273902E6008CADFF /* MenueController.swift in Sources */,
				4F89A136273BA0C200976B7E /* Map.swift in Sources */,
				4F6435672737FEDA004D9906 /* CollectionViewImg.swift in Sources */,
			);
			runOnlyForDeploymentPostprocessing = 0;
		};
/* End PBXSourcesBuildPhase section */

/* Begin PBXVariantGroup section */
		4F39F1D827358D6200CDDDEF /* Main.storyboard */ = {
			isa = PBXVariantGroup;
			children = (
				4F39F1D927358D6200CDDDEF /* Base */,
				4F6EF26C273A637400F76523 /* ar-SA */,
			);
			name = Main.storyboard;
			sourceTree = "<group>";
		};
		4F6EF271273A8F1200F76523 /* Localizable.strings */ = {
			isa = PBXVariantGroup;
			children = (
				4F6EF270273A8F1200F76523 /* ar-SA */,
				4F6EF272273A8F1B00F76523 /* en */,
			);
			name = Localizable.strings;
			sourceTree = "<group>";
		};
/* End PBXVariantGroup section */

/* Begin XCBuildConfiguration section */
		4F39F1E127358D6300CDDDEF /* Debug */ = {
			isa = XCBuildConfiguration;
			buildSettings = {
				ALWAYS_SEARCH_USER_PATHS = NO;
				CLANG_ANALYZER_LOCALIZABILITY_NONLOCALIZED = YES;
				CLANG_ANALYZER_NONNULL = YES;
				CLANG_ANALYZER_NUMBER_OBJECT_CONVERSION = YES_AGGRESSIVE;
				CLANG_CXX_LANGUAGE_STANDARD = "gnu++17";
				CLANG_CXX_LIBRARY = "libc++";
				CLANG_ENABLE_MODULES = YES;
				CLANG_ENABLE_OBJC_ARC = YES;
				CLANG_ENABLE_OBJC_WEAK = YES;
				CLANG_WARN_BLOCK_CAPTURE_AUTORELEASING = YES;
				CLANG_WARN_BOOL_CONVERSION = YES;
				CLANG_WARN_COMMA = YES;
				CLANG_WARN_CONSTANT_CONVERSION = YES;
				CLANG_WARN_DEPRECATED_OBJC_IMPLEMENTATIONS = YES;
				CLANG_WARN_DIRECT_OBJC_ISA_USAGE = YES_ERROR;
				CLANG_WARN_DOCUMENTATION_COMMENTS = YES;
				CLANG_WARN_EMPTY_BODY = YES;
				CLANG_WARN_ENUM_CONVERSION = YES;
				CLANG_WARN_INFINITE_RECURSION = YES;
				CLANG_WARN_INT_CONVERSION = YES;
				CLANG_WARN_NON_LITERAL_NULL_CONVERSION = YES;
				CLANG_WARN_OBJC_IMPLICIT_RETAIN_SELF = YES;
				CLANG_WARN_OBJC_LITERAL_CONVERSION = YES;
				CLANG_WARN_OBJC_ROOT_CLASS = YES_ERROR;
				CLANG_WARN_QUOTED_INCLUDE_IN_FRAMEWORK_HEADER = YES;
				CLANG_WARN_RANGE_LOOP_ANALYSIS = YES;
				CLANG_WARN_STRICT_PROTOTYPES = YES;
				CLANG_WARN_SUSPICIOUS_MOVE = YES;
				CLANG_WARN_UNGUARDED_AVAILABILITY = YES_AGGRESSIVE;
				CLANG_WARN_UNREACHABLE_CODE = YES;
				CLANG_WARN__DUPLICATE_METHOD_MATCH = YES;
				COPY_PHASE_STRIP = NO;
				DEBUG_INFORMATION_FORMAT = dwarf;
				ENABLE_STRICT_OBJC_MSGSEND = YES;
				ENABLE_TESTABILITY = YES;
				GCC_C_LANGUAGE_STANDARD = gnu11;
				GCC_DYNAMIC_NO_PIC = NO;
				GCC_NO_COMMON_BLOCKS = YES;
				GCC_OPTIMIZATION_LEVEL = 0;
				GCC_PREPROCESSOR_DEFINITIONS = (
					"DEBUG=1",
					"$(inherited)",
				);
				GCC_WARN_64_TO_32_BIT_CONVERSION = YES;
				GCC_WARN_ABOUT_RETURN_TYPE = YES_ERROR;
				GCC_WARN_UNDECLARED_SELECTOR = YES;
				GCC_WARN_UNINITIALIZED_AUTOS = YES_AGGRESSIVE;
				GCC_WARN_UNUSED_FUNCTION = YES;
				GCC_WARN_UNUSED_VARIABLE = YES;
				IPHONEOS_DEPLOYMENT_TARGET = 15.0;
				MTL_ENABLE_DEBUG_INFO = INCLUDE_SOURCE;
				MTL_FAST_MATH = YES;
				ONLY_ACTIVE_ARCH = YES;
				SDKROOT = iphoneos;
				SWIFT_ACTIVE_COMPILATION_CONDITIONS = DEBUG;
				SWIFT_OPTIMIZATION_LEVEL = "-Onone";
			};
			name = Debug;
		};
		4F39F1E227358D6300CDDDEF /* Release */ = {
			isa = XCBuildConfiguration;
			buildSettings = {
				ALWAYS_SEARCH_USER_PATHS = NO;
				CLANG_ANALYZER_LOCALIZABILITY_NONLOCALIZED = YES;
				CLANG_ANALYZER_NONNULL = YES;
				CLANG_ANALYZER_NUMBER_OBJECT_CONVERSION = YES_AGGRESSIVE;
				CLANG_CXX_LANGUAGE_STANDARD = "gnu++17";
				CLANG_CXX_LIBRARY = "libc++";
				CLANG_ENABLE_MODULES = YES;
				CLANG_ENABLE_OBJC_ARC = YES;
				CLANG_ENABLE_OBJC_WEAK = YES;
				CLANG_WARN_BLOCK_CAPTURE_AUTORELEASING = YES;
				CLANG_WARN_BOOL_CONVERSION = YES;
				CLANG_WARN_COMMA = YES;
				CLANG_WARN_CONSTANT_CONVERSION = YES;
				CLANG_WARN_DEPRECATED_OBJC_IMPLEMENTATIONS = YES;
				CLANG_WARN_DIRECT_OBJC_ISA_USAGE = YES_ERROR;
				CLANG_WARN_DOCUMENTATION_COMMENTS = YES;
				CLANG_WARN_EMPTY_BODY = YES;
				CLANG_WARN_ENUM_CONVERSION = YES;
				CLANG_WARN_INFINITE_RECURSION = YES;
				CLANG_WARN_INT_CONVERSION = YES;
				CLANG_WARN_NON_LITERAL_NULL_CONVERSION = YES;
				CLANG_WARN_OBJC_IMPLICIT_RETAIN_SELF = YES;
				CLANG_WARN_OBJC_LITERAL_CONVERSION = YES;
				CLANG_WARN_OBJC_ROOT_CLASS = YES_ERROR;
				CLANG_WARN_QUOTED_INCLUDE_IN_FRAMEWORK_HEADER = YES;
				CLANG_WARN_RANGE_LOOP_ANALYSIS = YES;
				CLANG_WARN_STRICT_PROTOTYPES = YES;
				CLANG_WARN_SUSPICIOUS_MOVE = YES;
				CLANG_WARN_UNGUARDED_AVAILABILITY = YES_AGGRESSIVE;
				CLANG_WARN_UNREACHABLE_CODE = YES;
				CLANG_WARN__DUPLICATE_METHOD_MATCH = YES;
				COPY_PHASE_STRIP = NO;
				DEBUG_INFORMATION_FORMAT = "dwarf-with-dsym";
				ENABLE_NS_ASSERTIONS = NO;
				ENABLE_STRICT_OBJC_MSGSEND = YES;
				GCC_C_LANGUAGE_STANDARD = gnu11;
				GCC_NO_COMMON_BLOCKS = YES;
				GCC_WARN_64_TO_32_BIT_CONVERSION = YES;
				GCC_WARN_ABOUT_RETURN_TYPE = YES_ERROR;
				GCC_WARN_UNDECLARED_SELECTOR = YES;
				GCC_WARN_UNINITIALIZED_AUTOS = YES_AGGRESSIVE;
				GCC_WARN_UNUSED_FUNCTION = YES;
				GCC_WARN_UNUSED_VARIABLE = YES;
				IPHONEOS_DEPLOYMENT_TARGET = 15.0;
				MTL_ENABLE_DEBUG_INFO = NO;
				MTL_FAST_MATH = YES;
				SDKROOT = iphoneos;
				SWIFT_COMPILATION_MODE = wholemodule;
				SWIFT_OPTIMIZATION_LEVEL = "-O";
				VALIDATE_PRODUCT = YES;
			};
			name = Release;
		};
		4F39F1E427358D6300CDDDEF /* Debug */ = {
			isa = XCBuildConfiguration;
			buildSettings = {
				ASSETCATALOG_COMPILER_APPICON_NAME = AppIcon;
				ASSETCATALOG_COMPILER_GLOBAL_ACCENT_COLOR_NAME = AccentColor;
				ASSETCATALOG_COMPILER_INCLUDE_ALL_APPICON_ASSETS = NO;
				CODE_SIGN_STYLE = Automatic;
				CURRENT_PROJECT_VERSION = 1;
				GENERATE_INFOPLIST_FILE = YES;
				INFOPLIST_FILE = myProjct/Info.plist;
				INFOPLIST_KEY_UIApplicationSupportsIndirectInputEvents = YES;
				INFOPLIST_KEY_UILaunchStoryboardName = LaunchScreen;
				INFOPLIST_KEY_UIMainStoryboardFile = Main;
				INFOPLIST_KEY_UISupportedInterfaceOrientations_iPad = "UIInterfaceOrientationPortrait UIInterfaceOrientationPortraitUpsideDown UIInterfaceOrientationLandscapeLeft UIInterfaceOrientationLandscapeRight";
				INFOPLIST_KEY_UISupportedInterfaceOrientations_iPhone = "UIInterfaceOrientationPortrait UIInterfaceOrientationLandscapeLeft UIInterfaceOrientationLandscapeRight";
				LD_RUNPATH_SEARCH_PATHS = (
					"$(inherited)",
					"@executable_path/Frameworks",
				);
				MARKETING_VERSION = 1.0;
				PRODUCT_BUNDLE_IDENTIFIER = com.HNSA.myProjct;
				PRODUCT_NAME = "$(TARGET_NAME)";
				SWIFT_EMIT_LOC_STRINGS = YES;
				SWIFT_VERSION = 5.0;
				TARGETED_DEVICE_FAMILY = "1,2";
			};
			name = Debug;
		};
		4F39F1E527358D6300CDDDEF /* Release */ = {
			isa = XCBuildConfiguration;
			buildSettings = {
				ASSETCATALOG_COMPILER_APPICON_NAME = AppIcon;
				ASSETCATALOG_COMPILER_GLOBAL_ACCENT_COLOR_NAME = AccentColor;
				ASSETCATALOG_COMPILER_INCLUDE_ALL_APPICON_ASSETS = NO;
				CODE_SIGN_STYLE = Automatic;
				CURRENT_PROJECT_VERSION = 1;
				GENERATE_INFOPLIST_FILE = YES;
				INFOPLIST_FILE = myProjct/Info.plist;
				INFOPLIST_KEY_UIApplicationSupportsIndirectInputEvents = YES;
				INFOPLIST_KEY_UILaunchStoryboardName = LaunchScreen;
				INFOPLIST_KEY_UIMainStoryboardFile = Main;
				INFOPLIST_KEY_UISupportedInterfaceOrientations_iPad = "UIInterfaceOrientationPortrait UIInterfaceOrientationPortraitUpsideDown UIInterfaceOrientationLandscapeLeft UIInterfaceOrientationLandscapeRight";
				INFOPLIST_KEY_UISupportedInterfaceOrientations_iPhone = "UIInterfaceOrientationPortrait UIInterfaceOrientationLandscapeLeft UIInterfaceOrientationLandscapeRight";
				LD_RUNPATH_SEARCH_PATHS = (
					"$(inherited)",
					"@executable_path/Frameworks",
				);
				MARKETING_VERSION = 1.0;
				PRODUCT_BUNDLE_IDENTIFIER = com.HNSA.myProjct;
				PRODUCT_NAME = "$(TARGET_NAME)";
				SWIFT_EMIT_LOC_STRINGS = YES;
				SWIFT_VERSION = 5.0;
				TARGETED_DEVICE_FAMILY = "1,2";
			};
			name = Release;
		};
/* End XCBuildConfiguration section */

/* Begin XCConfigurationList section */
		4F39F1CA27358D6200CDDDEF /* Build configuration list for PBXProject "Marsaai" */ = {
			isa = XCConfigurationList;
			buildConfigurations = (
				4F39F1E127358D6300CDDDEF /* Debug */,
				4F39F1E227358D6300CDDDEF /* Release */,
			);
			defaultConfigurationIsVisible = 0;
			defaultConfigurationName = Release;
		};
		4F39F1E327358D6300CDDDEF /* Build configuration list for PBXNativeTarget "Marssai" */ = {
			isa = XCConfigurationList;
			buildConfigurations = (
				4F39F1E427358D6300CDDDEF /* Debug */,
				4F39F1E527358D6300CDDDEF /* Release */,
			);
			defaultConfigurationIsVisible = 0;
			defaultConfigurationName = Release;
		};
/* End XCConfigurationList section */
	};
	rootObject = 4F39F1C727358D6200CDDDEF /* Project object */;
}
