// !$*UTF8*$!
{
	archiveVersion = 1;
	classes = {
	};
	objectVersion = 55;
	objects = {

/* Begin PBXBuildFile section */
		AD26EE102737C79000F8F200 /* AppDelegate.swift in Sources */ = {isa = PBXBuildFile; fileRef = AD26EE0F2737C79000F8F200 /* AppDelegate.swift */; };
		AD26EE122737C79000F8F200 /* SceneDelegate.swift in Sources */ = {isa = PBXBuildFile; fileRef = AD26EE112737C79000F8F200 /* SceneDelegate.swift */; };
		AD26EE142737C79000F8F200 /* ViewController.swift in Sources */ = {isa = PBXBuildFile; fileRef = AD26EE132737C79000F8F200 /* ViewController.swift */; };
		AD26EE172737C79000F8F200 /* Main.storyboard in Resources */ = {isa = PBXBuildFile; fileRef = AD26EE152737C79000F8F200 /* Main.storyboard */; };
		AD26EE192737C79600F8F200 /* Assets.xcassets in Resources */ = {isa = PBXBuildFile; fileRef = AD26EE182737C79600F8F200 /* Assets.xcassets */; };
		AD26EE1C2737C79600F8F200 /* LaunchScreen.storyboard in Resources */ = {isa = PBXBuildFile; fileRef = AD26EE1A2737C79600F8F200 /* LaunchScreen.storyboard */; };
		AD7466472739081C00B5BE66 /* ContactPartenersViewController.swift in Sources */ = {isa = PBXBuildFile; fileRef = AD7466462739081C00B5BE66 /* ContactPartenersViewController.swift */; };
		AD7466492739083E00B5BE66 /* loginViewController.swift in Sources */ = {isa = PBXBuildFile; fileRef = AD7466482739083E00B5BE66 /* loginViewController.swift */; };
		ADF2ED06273B356000E5F4C2 /* sortingGuideViewController.swift in Sources */ = {isa = PBXBuildFile; fileRef = ADF2ED05273B356000E5F4C2 /* sortingGuideViewController.swift */; };
		ADF2ED0A273BF0F500E5F4C2 /* SortingGuideCell.swift in Sources */ = {isa = PBXBuildFile; fileRef = ADF2ED09273BF0F500E5F4C2 /* SortingGuideCell.swift */; };
		ADF2ED0C273BF48000E5F4C2 /* SecondVC.swift in Sources */ = {isa = PBXBuildFile; fileRef = ADF2ED0B273BF48000E5F4C2 /* SecondVC.swift */; };
		ADF2ED342740211A00E5F4C2 /* RecycleIdeasViewController.swift in Sources */ = {isa = PBXBuildFile; fileRef = ADF2ED332740211A00E5F4C2 /* RecycleIdeasViewController.swift */; };
		ADF2ED362740217800E5F4C2 /* IdeasCollectionViewCell.swift in Sources */ = {isa = PBXBuildFile; fileRef = ADF2ED352740217800E5F4C2 /* IdeasCollectionViewCell.swift */; };
		ADF2ED3B2740817000E5F4C2 /* Localizable.strings in Resources */ = {isa = PBXBuildFile; fileRef = ADF2ED3D2740817000E5F4C2 /* Localizable.strings */; };
		ADF2ED422740EC8E00E5F4C2 /* MessageVC.swift in Sources */ = {isa = PBXBuildFile; fileRef = ADF2ED412740EC8E00E5F4C2 /* MessageVC.swift */; };
/* End PBXBuildFile section */

/* Begin PBXFileReference section */
		AD26EE0C2737C79000F8F200 /* PROJECT-2.app */ = {isa = PBXFileReference; explicitFileType = wrapper.application; includeInIndex = 0; path = "PROJECT-2.app"; sourceTree = BUILT_PRODUCTS_DIR; };
		AD26EE0F2737C79000F8F200 /* AppDelegate.swift */ = {isa = PBXFileReference; lastKnownFileType = sourcecode.swift; path = AppDelegate.swift; sourceTree = "<group>"; };
		AD26EE112737C79000F8F200 /* SceneDelegate.swift */ = {isa = PBXFileReference; lastKnownFileType = sourcecode.swift; path = SceneDelegate.swift; sourceTree = "<group>"; };
		AD26EE132737C79000F8F200 /* ViewController.swift */ = {isa = PBXFileReference; lastKnownFileType = sourcecode.swift; path = ViewController.swift; sourceTree = "<group>"; };
		AD26EE162737C79000F8F200 /* Base */ = {isa = PBXFileReference; lastKnownFileType = file.storyboard; name = Base; path = Base.lproj/Main.storyboard; sourceTree = "<group>"; };
		AD26EE182737C79600F8F200 /* Assets.xcassets */ = {isa = PBXFileReference; lastKnownFileType = folder.assetcatalog; path = Assets.xcassets; sourceTree = "<group>"; };
		AD26EE1B2737C79600F8F200 /* Base */ = {isa = PBXFileReference; lastKnownFileType = file.storyboard; name = Base; path = Base.lproj/LaunchScreen.storyboard; sourceTree = "<group>"; };
		AD26EE1D2737C79600F8F200 /* Info.plist */ = {isa = PBXFileReference; lastKnownFileType = text.plist.xml; path = Info.plist; sourceTree = "<group>"; };
		AD7466462739081C00B5BE66 /* ContactPartenersViewController.swift */ = {isa = PBXFileReference; lastKnownFileType = sourcecode.swift; path = ContactPartenersViewController.swift; sourceTree = "<group>"; };
		AD7466482739083E00B5BE66 /* loginViewController.swift */ = {isa = PBXFileReference; lastKnownFileType = sourcecode.swift; path = loginViewController.swift; sourceTree = "<group>"; };
		ADF2ED05273B356000E5F4C2 /* sortingGuideViewController.swift */ = {isa = PBXFileReference; lastKnownFileType = sourcecode.swift; path = sortingGuideViewController.swift; sourceTree = "<group>"; };
		ADF2ED09273BF0F500E5F4C2 /* SortingGuideCell.swift */ = {isa = PBXFileReference; lastKnownFileType = sourcecode.swift; path = SortingGuideCell.swift; sourceTree = "<group>"; };
		ADF2ED0B273BF48000E5F4C2 /* SecondVC.swift */ = {isa = PBXFileReference; lastKnownFileType = sourcecode.swift; path = SecondVC.swift; sourceTree = "<group>"; };
		ADF2ED332740211A00E5F4C2 /* RecycleIdeasViewController.swift */ = {isa = PBXFileReference; lastKnownFileType = sourcecode.swift; path = RecycleIdeasViewController.swift; sourceTree = "<group>"; };
		ADF2ED352740217800E5F4C2 /* IdeasCollectionViewCell.swift */ = {isa = PBXFileReference; lastKnownFileType = sourcecode.swift; path = IdeasCollectionViewCell.swift; sourceTree = "<group>"; };
		ADF2ED372740806400E5F4C2 /* ar */ = {isa = PBXFileReference; lastKnownFileType = text.plist.strings; name = ar; path = ar.lproj/Main.strings; sourceTree = "<group>"; };
		ADF2ED382740806500E5F4C2 /* ar */ = {isa = PBXFileReference; lastKnownFileType = text.plist.strings; name = ar; path = ar.lproj/LaunchScreen.strings; sourceTree = "<group>"; };
		ADF2ED3C2740817000E5F4C2 /* ar */ = {isa = PBXFileReference; lastKnownFileType = text.plist.strings; name = ar; path = ar.lproj/Localizable.strings; sourceTree = "<group>"; };
		ADF2ED3E2740817300E5F4C2 /* en */ = {isa = PBXFileReference; lastKnownFileType = text.plist.strings; name = en; path = en.lproj/Localizable.strings; sourceTree = "<group>"; };
		ADF2ED412740EC8E00E5F4C2 /* MessageVC.swift */ = {isa = PBXFileReference; lastKnownFileType = sourcecode.swift; path = MessageVC.swift; sourceTree = "<group>"; };
/* End PBXFileReference section */

/* Begin PBXFrameworksBuildPhase section */
		AD26EE092737C79000F8F200 /* Frameworks */ = {
			isa = PBXFrameworksBuildPhase;
			buildActionMask = 2147483647;
			files = (
			);
			runOnlyForDeploymentPostprocessing = 0;
		};
/* End PBXFrameworksBuildPhase section */

/* Begin PBXGroup section */
		AD26EE032737C79000F8F200 = {
			isa = PBXGroup;
			children = (
				AD26EE0E2737C79000F8F200 /* PROJECT-2 */,
				AD26EE0D2737C79000F8F200 /* Products */,
			);
			sourceTree = "<group>";
		};
		AD26EE0D2737C79000F8F200 /* Products */ = {
			isa = PBXGroup;
			children = (
				AD26EE0C2737C79000F8F200 /* PROJECT-2.app */,
			);
			name = Products;
			sourceTree = "<group>";
		};
		AD26EE0E2737C79000F8F200 /* PROJECT-2 */ = {
			isa = PBXGroup;
			children = (
				AD26EE0F2737C79000F8F200 /* AppDelegate.swift */,
				AD26EE112737C79000F8F200 /* SceneDelegate.swift */,
				ADF2ED432740EFD600E5F4C2 /* Controllers */,
				AD26EE152737C79000F8F200 /* Main.storyboard */,
				AD26EE182737C79600F8F200 /* Assets.xcassets */,
				AD26EE1A2737C79600F8F200 /* LaunchScreen.storyboard */,
				AD26EE1D2737C79600F8F200 /* Info.plist */,
				ADF2ED3D2740817000E5F4C2 /* Localizable.strings */,
			);
			path = "PROJECT-2";
			sourceTree = "<group>";
		};
		ADF2ED432740EFD600E5F4C2 /* Controllers */ = {
			isa = PBXGroup;
			children = (
				AD26EE132737C79000F8F200 /* ViewController.swift */,
				AD7466482739083E00B5BE66 /* loginViewController.swift */,
				ADF2ED05273B356000E5F4C2 /* sortingGuideViewController.swift */,
				ADF2ED0B273BF48000E5F4C2 /* SecondVC.swift */,
				ADF2ED09273BF0F500E5F4C2 /* SortingGuideCell.swift */,
				ADF2ED332740211A00E5F4C2 /* RecycleIdeasViewController.swift */,
				ADF2ED352740217800E5F4C2 /* IdeasCollectionViewCell.swift */,
				AD7466462739081C00B5BE66 /* ContactPartenersViewController.swift */,
				ADF2ED412740EC8E00E5F4C2 /* MessageVC.swift */,
			);
			path = Controllers;
			sourceTree = "<group>";
		};
/* End PBXGroup section */

/* Begin PBXNativeTarget section */
		AD26EE0B2737C79000F8F200 /* PROJECT-2 */ = {
			isa = PBXNativeTarget;
			buildConfigurationList = AD26EE202737C79600F8F200 /* Build configuration list for PBXNativeTarget "PROJECT-2" */;
			buildPhases = (
				AD26EE082737C79000F8F200 /* Sources */,
				AD26EE092737C79000F8F200 /* Frameworks */,
				AD26EE0A2737C79000F8F200 /* Resources */,
			);
			buildRules = (
			);
			dependencies = (
			);
			name = "PROJECT-2";
			productName = "PROJECT-2";
			productReference = AD26EE0C2737C79000F8F200 /* PROJECT-2.app */;
			productType = "com.apple.product-type.application";
		};
/* End PBXNativeTarget section */

/* Begin PBXProject section */
		AD26EE042737C79000F8F200 /* Project object */ = {
			isa = PBXProject;
			attributes = {
				BuildIndependentTargetsInParallel = 1;
				LastSwiftUpdateCheck = 1300;
				LastUpgradeCheck = 1300;
				TargetAttributes = {
					AD26EE0B2737C79000F8F200 = {
						CreatedOnToolsVersion = 13.0;
					};
				};
			};
			buildConfigurationList = AD26EE072737C79000F8F200 /* Build configuration list for PBXProject "PROJECT-2" */;
			compatibilityVersion = "Xcode 13.0";
			developmentRegion = en;
			hasScannedForEncodings = 0;
			knownRegions = (
				en,
				Base,
				ar,
			);
			mainGroup = AD26EE032737C79000F8F200;
			productRefGroup = AD26EE0D2737C79000F8F200 /* Products */;
			projectDirPath = "";
			projectRoot = "";
			targets = (
				AD26EE0B2737C79000F8F200 /* PROJECT-2 */,
			);
		};
/* End PBXProject section */

/* Begin PBXResourcesBuildPhase section */
		AD26EE0A2737C79000F8F200 /* Resources */ = {
			isa = PBXResourcesBuildPhase;
			buildActionMask = 2147483647;
			files = (
				AD26EE1C2737C79600F8F200 /* LaunchScreen.storyboard in Resources */,
				ADF2ED3B2740817000E5F4C2 /* Localizable.strings in Resources */,
				AD26EE192737C79600F8F200 /* Assets.xcassets in Resources */,
				AD26EE172737C79000F8F200 /* Main.storyboard in Resources */,
			);
			runOnlyForDeploymentPostprocessing = 0;
		};
/* End PBXResourcesBuildPhase section */

/* Begin PBXSourcesBuildPhase section */
		AD26EE082737C79000F8F200 /* Sources */ = {
			isa = PBXSourcesBuildPhase;
			buildActionMask = 2147483647;
			files = (
				AD26EE142737C79000F8F200 /* ViewController.swift in Sources */,
				AD7466492739083E00B5BE66 /* loginViewController.swift in Sources */,
				ADF2ED06273B356000E5F4C2 /* sortingGuideViewController.swift in Sources */,
				AD7466472739081C00B5BE66 /* ContactPartenersViewController.swift in Sources */,
				ADF2ED0C273BF48000E5F4C2 /* SecondVC.swift in Sources */,
				ADF2ED0A273BF0F500E5F4C2 /* SortingGuideCell.swift in Sources */,
				AD26EE102737C79000F8F200 /* AppDelegate.swift in Sources */,
				AD26EE122737C79000F8F200 /* SceneDelegate.swift in Sources */,
				ADF2ED342740211A00E5F4C2 /* RecycleIdeasViewController.swift in Sources */,
				ADF2ED422740EC8E00E5F4C2 /* MessageVC.swift in Sources */,
				ADF2ED362740217800E5F4C2 /* IdeasCollectionViewCell.swift in Sources */,
			);
			runOnlyForDeploymentPostprocessing = 0;
		};
/* End PBXSourcesBuildPhase section */

/* Begin PBXVariantGroup section */
		AD26EE152737C79000F8F200 /* Main.storyboard */ = {
			isa = PBXVariantGroup;
			children = (
				AD26EE162737C79000F8F200 /* Base */,
				ADF2ED372740806400E5F4C2 /* ar */,
			);
			name = Main.storyboard;
			sourceTree = "<group>";
		};
		AD26EE1A2737C79600F8F200 /* LaunchScreen.storyboard */ = {
			isa = PBXVariantGroup;
			children = (
				AD26EE1B2737C79600F8F200 /* Base */,
				ADF2ED382740806500E5F4C2 /* ar */,
			);
			name = LaunchScreen.storyboard;
			sourceTree = "<group>";
		};
		ADF2ED3D2740817000E5F4C2 /* Localizable.strings */ = {
			isa = PBXVariantGroup;
			children = (
				ADF2ED3C2740817000E5F4C2 /* ar */,
				ADF2ED3E2740817300E5F4C2 /* en */,
			);
			name = Localizable.strings;
			sourceTree = "<group>";
		};
/* End PBXVariantGroup section */

/* Begin XCBuildConfiguration section */
		AD26EE1E2737C79600F8F200 /* Debug */ = {
			isa = XCBuildConfiguration;
			buildSettings = {
				ALWAYS_SEARCH_USER_PATHS = NO;
				CLANG_ANALYZER_LOCALIZABILITY_NONLOCALIZED = YES;
				CLANG_ANALYZER_NONNULL = YES;
				CLANG_ANALYZER_NUMBER_OBJECT_CONVERSION = YES_AGGRESSIVE;
				CLANG_CXX_LANGUAGE_STANDARD = "gnu++17";
				CLANG_CXX_LIBRARY = "libc++";
				CLANG_ENABLE_MODULES = YES;
				CLANG_ENABLE_OBJC_ARC = YES;
				CLANG_ENABLE_OBJC_WEAK = YES;
				CLANG_WARN_BLOCK_CAPTURE_AUTORELEASING = YES;
				CLANG_WARN_BOOL_CONVERSION = YES;
				CLANG_WARN_COMMA = YES;
				CLANG_WARN_CONSTANT_CONVERSION = YES;
				CLANG_WARN_DEPRECATED_OBJC_IMPLEMENTATIONS = YES;
				CLANG_WARN_DIRECT_OBJC_ISA_USAGE = YES_ERROR;
				CLANG_WARN_DOCUMENTATION_COMMENTS = YES;
				CLANG_WARN_EMPTY_BODY = YES;
				CLANG_WARN_ENUM_CONVERSION = YES;
				CLANG_WARN_INFINITE_RECURSION = YES;
				CLANG_WARN_INT_CONVERSION = YES;
				CLANG_WARN_NON_LITERAL_NULL_CONVERSION = YES;
				CLANG_WARN_OBJC_IMPLICIT_RETAIN_SELF = YES;
				CLANG_WARN_OBJC_LITERAL_CONVERSION = YES;
				CLANG_WARN_OBJC_ROOT_CLASS = YES_ERROR;
				CLANG_WARN_QUOTED_INCLUDE_IN_FRAMEWORK_HEADER = YES;
				CLANG_WARN_RANGE_LOOP_ANALYSIS = YES;
				CLANG_WARN_STRICT_PROTOTYPES = YES;
				CLANG_WARN_SUSPICIOUS_MOVE = YES;
				CLANG_WARN_UNGUARDED_AVAILABILITY = YES_AGGRESSIVE;
				CLANG_WARN_UNREACHABLE_CODE = YES;
				CLANG_WARN__DUPLICATE_METHOD_MATCH = YES;
				COPY_PHASE_STRIP = NO;
				DEBUG_INFORMATION_FORMAT = dwarf;
				ENABLE_STRICT_OBJC_MSGSEND = YES;
				ENABLE_TESTABILITY = YES;
				GCC_C_LANGUAGE_STANDARD = gnu11;
				GCC_DYNAMIC_NO_PIC = NO;
				GCC_NO_COMMON_BLOCKS = YES;
				GCC_OPTIMIZATION_LEVEL = 0;
				GCC_PREPROCESSOR_DEFINITIONS = (
					"DEBUG=1",
					"$(inherited)",
				);
				GCC_WARN_64_TO_32_BIT_CONVERSION = YES;
				GCC_WARN_ABOUT_RETURN_TYPE = YES_ERROR;
				GCC_WARN_UNDECLARED_SELECTOR = YES;
				GCC_WARN_UNINITIALIZED_AUTOS = YES_AGGRESSIVE;
				GCC_WARN_UNUSED_FUNCTION = YES;
				GCC_WARN_UNUSED_VARIABLE = YES;
				IPHONEOS_DEPLOYMENT_TARGET = 15.0;
				MTL_ENABLE_DEBUG_INFO = INCLUDE_SOURCE;
				MTL_FAST_MATH = YES;
				ONLY_ACTIVE_ARCH = YES;
				SDKROOT = iphoneos;
				SWIFT_ACTIVE_COMPILATION_CONDITIONS = DEBUG;
				SWIFT_OPTIMIZATION_LEVEL = "-Onone";
			};
			name = Debug;
		};
		AD26EE1F2737C79600F8F200 /* Release */ = {
			isa = XCBuildConfiguration;
			buildSettings = {
				ALWAYS_SEARCH_USER_PATHS = NO;
				CLANG_ANALYZER_LOCALIZABILITY_NONLOCALIZED = YES;
				CLANG_ANALYZER_NONNULL = YES;
				CLANG_ANALYZER_NUMBER_OBJECT_CONVERSION = YES_AGGRESSIVE;
				CLANG_CXX_LANGUAGE_STANDARD = "gnu++17";
				CLANG_CXX_LIBRARY = "libc++";
				CLANG_ENABLE_MODULES = YES;
				CLANG_ENABLE_OBJC_ARC = YES;
				CLANG_ENABLE_OBJC_WEAK = YES;
				CLANG_WARN_BLOCK_CAPTURE_AUTORELEASING = YES;
				CLANG_WARN_BOOL_CONVERSION = YES;
				CLANG_WARN_COMMA = YES;
				CLANG_WARN_CONSTANT_CONVERSION = YES;
				CLANG_WARN_DEPRECATED_OBJC_IMPLEMENTATIONS = YES;
				CLANG_WARN_DIRECT_OBJC_ISA_USAGE = YES_ERROR;
				CLANG_WARN_DOCUMENTATION_COMMENTS = YES;
				CLANG_WARN_EMPTY_BODY = YES;
				CLANG_WARN_ENUM_CONVERSION = YES;
				CLANG_WARN_INFINITE_RECURSION = YES;
				CLANG_WARN_INT_CONVERSION = YES;
				CLANG_WARN_NON_LITERAL_NULL_CONVERSION = YES;
				CLANG_WARN_OBJC_IMPLICIT_RETAIN_SELF = YES;
				CLANG_WARN_OBJC_LITERAL_CONVERSION = YES;
				CLANG_WARN_OBJC_ROOT_CLASS = YES_ERROR;
				CLANG_WARN_QUOTED_INCLUDE_IN_FRAMEWORK_HEADER = YES;
				CLANG_WARN_RANGE_LOOP_ANALYSIS = YES;
				CLANG_WARN_STRICT_PROTOTYPES = YES;
				CLANG_WARN_SUSPICIOUS_MOVE = YES;
				CLANG_WARN_UNGUARDED_AVAILABILITY = YES_AGGRESSIVE;
				CLANG_WARN_UNREACHABLE_CODE = YES;
				CLANG_WARN__DUPLICATE_METHOD_MATCH = YES;
				COPY_PHASE_STRIP = NO;
				DEBUG_INFORMATION_FORMAT = "dwarf-with-dsym";
				ENABLE_NS_ASSERTIONS = NO;
				ENABLE_STRICT_OBJC_MSGSEND = YES;
				GCC_C_LANGUAGE_STANDARD = gnu11;
				GCC_NO_COMMON_BLOCKS = YES;
				GCC_WARN_64_TO_32_BIT_CONVERSION = YES;
				GCC_WARN_ABOUT_RETURN_TYPE = YES_ERROR;
				GCC_WARN_UNDECLARED_SELECTOR = YES;
				GCC_WARN_UNINITIALIZED_AUTOS = YES_AGGRESSIVE;
				GCC_WARN_UNUSED_FUNCTION = YES;
				GCC_WARN_UNUSED_VARIABLE = YES;
				IPHONEOS_DEPLOYMENT_TARGET = 15.0;
				MTL_ENABLE_DEBUG_INFO = NO;
				MTL_FAST_MATH = YES;
				SDKROOT = iphoneos;
				SWIFT_COMPILATION_MODE = wholemodule;
				SWIFT_OPTIMIZATION_LEVEL = "-O";
				VALIDATE_PRODUCT = YES;
			};
			name = Release;
		};
		AD26EE212737C79600F8F200 /* Debug */ = {
			isa = XCBuildConfiguration;
			buildSettings = {
				ASSETCATALOG_COMPILER_APPICON_NAME = AppIcon;
				ASSETCATALOG_COMPILER_GLOBAL_ACCENT_COLOR_NAME = AccentColor;
				CODE_SIGN_STYLE = Automatic;
				CURRENT_PROJECT_VERSION = 1;
				GENERATE_INFOPLIST_FILE = YES;
				INFOPLIST_FILE = "PROJECT-2/Info.plist";
				INFOPLIST_KEY_LSApplicationCategoryType = "";
				INFOPLIST_KEY_UIApplicationSupportsIndirectInputEvents = YES;
				INFOPLIST_KEY_UILaunchStoryboardName = LaunchScreen;
				INFOPLIST_KEY_UIMainStoryboardFile = Main;
				INFOPLIST_KEY_UISupportedInterfaceOrientations_iPad = "UIInterfaceOrientationPortrait UIInterfaceOrientationPortraitUpsideDown UIInterfaceOrientationLandscapeLeft UIInterfaceOrientationLandscapeRight";
				INFOPLIST_KEY_UISupportedInterfaceOrientations_iPhone = "UIInterfaceOrientationPortrait UIInterfaceOrientationLandscapeLeft UIInterfaceOrientationLandscapeRight";
				LD_RUNPATH_SEARCH_PATHS = (
					"$(inherited)",
					"@executable_path/Frameworks",
				);
				MARKETING_VERSION = 1.0;
				PRODUCT_BUNDLE_IDENTIFIER = "none.PROJECT-2";
				PRODUCT_NAME = "$(TARGET_NAME)";
				SWIFT_EMIT_LOC_STRINGS = YES;
				SWIFT_VERSION = 5.0;
				TARGETED_DEVICE_FAMILY = "1,2";
			};
			name = Debug;
		};
		AD26EE222737C79600F8F200 /* Release */ = {
			isa = XCBuildConfiguration;
			buildSettings = {
				ASSETCATALOG_COMPILER_APPICON_NAME = AppIcon;
				ASSETCATALOG_COMPILER_GLOBAL_ACCENT_COLOR_NAME = AccentColor;
				CODE_SIGN_STYLE = Automatic;
				CURRENT_PROJECT_VERSION = 1;
				GENERATE_INFOPLIST_FILE = YES;
				INFOPLIST_FILE = "PROJECT-2/Info.plist";
				INFOPLIST_KEY_LSApplicationCategoryType = "";
				INFOPLIST_KEY_UIApplicationSupportsIndirectInputEvents = YES;
				INFOPLIST_KEY_UILaunchStoryboardName = LaunchScreen;
				INFOPLIST_KEY_UIMainStoryboardFile = Main;
				INFOPLIST_KEY_UISupportedInterfaceOrientations_iPad = "UIInterfaceOrientationPortrait UIInterfaceOrientationPortraitUpsideDown UIInterfaceOrientationLandscapeLeft UIInterfaceOrientationLandscapeRight";
				INFOPLIST_KEY_UISupportedInterfaceOrientations_iPhone = "UIInterfaceOrientationPortrait UIInterfaceOrientationLandscapeLeft UIInterfaceOrientationLandscapeRight";
				LD_RUNPATH_SEARCH_PATHS = (
					"$(inherited)",
					"@executable_path/Frameworks",
				);
				MARKETING_VERSION = 1.0;
				PRODUCT_BUNDLE_IDENTIFIER = "none.PROJECT-2";
				PRODUCT_NAME = "$(TARGET_NAME)";
				SWIFT_EMIT_LOC_STRINGS = YES;
				SWIFT_VERSION = 5.0;
				TARGETED_DEVICE_FAMILY = "1,2";
			};
			name = Release;
		};
/* End XCBuildConfiguration section */

/* Begin XCConfigurationList section */
		AD26EE072737C79000F8F200 /* Build configuration list for PBXProject "PROJECT-2" */ = {
			isa = XCConfigurationList;
			buildConfigurations = (
				AD26EE1E2737C79600F8F200 /* Debug */,
				AD26EE1F2737C79600F8F200 /* Release */,
			);
			defaultConfigurationIsVisible = 0;
			defaultConfigurationName = Release;
		};
		AD26EE202737C79600F8F200 /* Build configuration list for PBXNativeTarget "PROJECT-2" */ = {
			isa = XCConfigurationList;
			buildConfigurations = (
				AD26EE212737C79600F8F200 /* Debug */,
				AD26EE222737C79600F8F200 /* Release */,
			);
			defaultConfigurationIsVisible = 0;
			defaultConfigurationName = Release;
		};
/* End XCConfigurationList section */
	};
	rootObject = AD26EE042737C79000F8F200 /* Project object */;
}
