// !$*UTF8*$!
{
	archiveVersion = 1;
	classes = {
	};
	objectVersion = 55;
	objects = {

/* Begin PBXBuildFile section */
		5717D22A273A4F590079E33E /* ViewControllerCategories.swift in Sources */ = {isa = PBXBuildFile; fileRef = 5717D229273A4F590079E33E /* ViewControllerCategories.swift */; };
		5717D238273AB0F60079E33E /* Cartsturct.swift in Sources */ = {isa = PBXBuildFile; fileRef = 5717D237273AB0F60079E33E /* Cartsturct.swift */; };
		5717D23A273AB2570079E33E /* CartViewController.swift in Sources */ = {isa = PBXBuildFile; fileRef = 5717D239273AB2570079E33E /* CartViewController.swift */; };
		5717D23C273AB51B0079E33E /* Shopping.swift in Sources */ = {isa = PBXBuildFile; fileRef = 5717D23B273AB51B0079E33E /* Shopping.swift */; };
		573738EA273AE53000B8DE38 /* DarkMoodViewController.swift in Sources */ = {isa = PBXBuildFile; fileRef = 573738E9273AE53000B8DE38 /* DarkMoodViewController.swift */; };
		573738EE273AED2600B8DE38 /* SingInViewController.swift in Sources */ = {isa = PBXBuildFile; fileRef = 573738ED273AED2600B8DE38 /* SingInViewController.swift */; };
		573738F0273B00E800B8DE38 /* LoginnViewController.swift in Sources */ = {isa = PBXBuildFile; fileRef = 573738EF273B00E800B8DE38 /* LoginnViewController.swift */; };
		578172DD273951C8005DB1F2 /* phoneTableViewCell.swift in Sources */ = {isa = PBXBuildFile; fileRef = 578172DC273951C8005DB1F2 /* phoneTableViewCell.swift */; };
		578172DF27395520005DB1F2 /* phoneViewController.swift in Sources */ = {isa = PBXBuildFile; fileRef = 578172DE27395520005DB1F2 /* phoneViewController.swift */; };
		57AD02622737E2E400766B0F /* AppDelegate.swift in Sources */ = {isa = PBXBuildFile; fileRef = 57AD02612737E2E400766B0F /* AppDelegate.swift */; };
		57AD02642737E2E400766B0F /* SceneDelegate.swift in Sources */ = {isa = PBXBuildFile; fileRef = 57AD02632737E2E400766B0F /* SceneDelegate.swift */; };
		57AD02662737E2E400766B0F /* ViewController.swift in Sources */ = {isa = PBXBuildFile; fileRef = 57AD02652737E2E400766B0F /* ViewController.swift */; };
		57AD02692737E2E400766B0F /* Main.storyboard in Resources */ = {isa = PBXBuildFile; fileRef = 57AD02672737E2E400766B0F /* Main.storyboard */; };
		57AD026B2737E2E500766B0F /* Assets.xcassets in Resources */ = {isa = PBXBuildFile; fileRef = 57AD026A2737E2E500766B0F /* Assets.xcassets */; };
		57AD026E2737E2E500766B0F /* LaunchScreen.storyboard in Resources */ = {isa = PBXBuildFile; fileRef = 57AD026C2737E2E500766B0F /* LaunchScreen.storyboard */; };
/* End PBXBuildFile section */

/* Begin PBXFileReference section */
		5717D229273A4F590079E33E /* ViewControllerCategories.swift */ = {isa = PBXFileReference; lastKnownFileType = sourcecode.swift; path = ViewControllerCategories.swift; sourceTree = "<group>"; };
		5717D237273AB0F60079E33E /* Cartsturct.swift */ = {isa = PBXFileReference; lastKnownFileType = sourcecode.swift; path = Cartsturct.swift; sourceTree = "<group>"; };
		5717D239273AB2570079E33E /* CartViewController.swift */ = {isa = PBXFileReference; lastKnownFileType = sourcecode.swift; path = CartViewController.swift; sourceTree = "<group>"; };
		5717D23B273AB51B0079E33E /* Shopping.swift */ = {isa = PBXFileReference; lastKnownFileType = sourcecode.swift; path = Shopping.swift; sourceTree = "<group>"; };
		573738E9273AE53000B8DE38 /* DarkMoodViewController.swift */ = {isa = PBXFileReference; lastKnownFileType = sourcecode.swift; path = DarkMoodViewController.swift; sourceTree = "<group>"; };
		573738EB273AEA5B00B8DE38 /* ar */ = {isa = PBXFileReference; lastKnownFileType = text.plist.strings; name = ar; path = ar.lproj/Main.strings; sourceTree = "<group>"; };
		573738EC273AEA5B00B8DE38 /* ar */ = {isa = PBXFileReference; lastKnownFileType = text.plist.strings; name = ar; path = ar.lproj/LaunchScreen.strings; sourceTree = "<group>"; };
		573738ED273AED2600B8DE38 /* SingInViewController.swift */ = {isa = PBXFileReference; lastKnownFileType = sourcecode.swift; path = SingInViewController.swift; sourceTree = "<group>"; };
		573738EF273B00E800B8DE38 /* LoginnViewController.swift */ = {isa = PBXFileReference; lastKnownFileType = sourcecode.swift; path = LoginnViewController.swift; sourceTree = "<group>"; };
		578172DC273951C8005DB1F2 /* phoneTableViewCell.swift */ = {isa = PBXFileReference; lastKnownFileType = sourcecode.swift; path = phoneTableViewCell.swift; sourceTree = "<group>"; };
		578172DE27395520005DB1F2 /* phoneViewController.swift */ = {isa = PBXFileReference; lastKnownFileType = sourcecode.swift; path = phoneViewController.swift; sourceTree = "<group>"; };
		57AD025E2737E2E400766B0F /* Electronic Stories.app */ = {isa = PBXFileReference; explicitFileType = wrapper.application; includeInIndex = 0; path = "Electronic Stories.app"; sourceTree = BUILT_PRODUCTS_DIR; };
		57AD02612737E2E400766B0F /* AppDelegate.swift */ = {isa = PBXFileReference; lastKnownFileType = sourcecode.swift; path = AppDelegate.swift; sourceTree = "<group>"; };
		57AD02632737E2E400766B0F /* SceneDelegate.swift */ = {isa = PBXFileReference; lastKnownFileType = sourcecode.swift; path = SceneDelegate.swift; sourceTree = "<group>"; };
		57AD02652737E2E400766B0F /* ViewController.swift */ = {isa = PBXFileReference; lastKnownFileType = sourcecode.swift; path = ViewController.swift; sourceTree = "<group>"; };
		57AD02682737E2E400766B0F /* Base */ = {isa = PBXFileReference; lastKnownFileType = file.storyboard; name = Base; path = Base.lproj/Main.storyboard; sourceTree = "<group>"; };
		57AD026A2737E2E500766B0F /* Assets.xcassets */ = {isa = PBXFileReference; lastKnownFileType = folder.assetcatalog; path = Assets.xcassets; sourceTree = "<group>"; };
		57AD026D2737E2E500766B0F /* Base */ = {isa = PBXFileReference; lastKnownFileType = file.storyboard; name = Base; path = Base.lproj/LaunchScreen.storyboard; sourceTree = "<group>"; };
		57AD026F2737E2E500766B0F /* Info.plist */ = {isa = PBXFileReference; lastKnownFileType = text.plist.xml; path = Info.plist; sourceTree = "<group>"; };
/* End PBXFileReference section */

/* Begin PBXFrameworksBuildPhase section */
		57AD025B2737E2E400766B0F /* Frameworks */ = {
			isa = PBXFrameworksBuildPhase;
			buildActionMask = 2147483647;
			files = (
			);
			runOnlyForDeploymentPostprocessing = 0;
		};
/* End PBXFrameworksBuildPhase section */

/* Begin PBXGroup section */
		578172D927392EDB005DB1F2 /* VcController */ = {
			isa = PBXGroup;
			children = (
				573738EF273B00E800B8DE38 /* LoginnViewController.swift */,
			);
			path = VcController;
			sourceTree = "<group>";
		};
		57AD02552737E2E400766B0F = {
			isa = PBXGroup;
			children = (
				57AD02602737E2E400766B0F /* Electronic Stories */,
				57AD025F2737E2E400766B0F /* Products */,
			);
			sourceTree = "<group>";
		};
		57AD025F2737E2E400766B0F /* Products */ = {
			isa = PBXGroup;
			children = (
				57AD025E2737E2E400766B0F /* Electronic Stories.app */,
			);
			name = Products;
			sourceTree = "<group>";
		};
		57AD02602737E2E400766B0F /* Electronic Stories */ = {
			isa = PBXGroup;
			children = (
				578172D927392EDB005DB1F2 /* VcController */,
				57AD02612737E2E400766B0F /* AppDelegate.swift */,
				57AD02632737E2E400766B0F /* SceneDelegate.swift */,
				57AD02652737E2E400766B0F /* ViewController.swift */,
				57AD02672737E2E400766B0F /* Main.storyboard */,
				57AD026A2737E2E500766B0F /* Assets.xcassets */,
				57AD026C2737E2E500766B0F /* LaunchScreen.storyboard */,
				57AD026F2737E2E500766B0F /* Info.plist */,
				578172DC273951C8005DB1F2 /* phoneTableViewCell.swift */,
				578172DE27395520005DB1F2 /* phoneViewController.swift */,
				5717D229273A4F590079E33E /* ViewControllerCategories.swift */,
				5717D237273AB0F60079E33E /* Cartsturct.swift */,
				5717D239273AB2570079E33E /* CartViewController.swift */,
				5717D23B273AB51B0079E33E /* Shopping.swift */,
				573738E9273AE53000B8DE38 /* DarkMoodViewController.swift */,
				573738ED273AED2600B8DE38 /* SingInViewController.swift */,
			);
			path = "Electronic Stories";
			sourceTree = "<group>";
		};
/* End PBXGroup section */

/* Begin PBXNativeTarget section */
		57AD025D2737E2E400766B0F /* Electronic Stories */ = {
			isa = PBXNativeTarget;
			buildConfigurationList = 57AD02722737E2E500766B0F /* Build configuration list for PBXNativeTarget "Electronic Stories" */;
			buildPhases = (
				57AD025A2737E2E400766B0F /* Sources */,
				57AD025B2737E2E400766B0F /* Frameworks */,
				57AD025C2737E2E400766B0F /* Resources */,
			);
			buildRules = (
			);
			dependencies = (
			);
			name = "Electronic Stories";
			productName = "Electronic Stories";
			productReference = 57AD025E2737E2E400766B0F /* Electronic Stories.app */;
			productType = "com.apple.product-type.application";
		};
/* End PBXNativeTarget section */

/* Begin PBXProject section */
		57AD02562737E2E400766B0F /* Project object */ = {
			isa = PBXProject;
			attributes = {
				BuildIndependentTargetsInParallel = 1;
				LastSwiftUpdateCheck = 1310;
				LastUpgradeCheck = 1310;
				TargetAttributes = {
					57AD025D2737E2E400766B0F = {
						CreatedOnToolsVersion = 13.1;
					};
				};
			};
			buildConfigurationList = 57AD02592737E2E400766B0F /* Build configuration list for PBXProject "Electronic Stories" */;
			compatibilityVersion = "Xcode 13.0";
			developmentRegion = en;
			hasScannedForEncodings = 0;
			knownRegions = (
				en,
				Base,
				ar,
			);
			mainGroup = 57AD02552737E2E400766B0F;
			productRefGroup = 57AD025F2737E2E400766B0F /* Products */;
			projectDirPath = "";
			projectRoot = "";
			targets = (
				57AD025D2737E2E400766B0F /* Electronic Stories */,
			);
		};
/* End PBXProject section */

/* Begin PBXResourcesBuildPhase section */
		57AD025C2737E2E400766B0F /* Resources */ = {
			isa = PBXResourcesBuildPhase;
			buildActionMask = 2147483647;
			files = (
				57AD026E2737E2E500766B0F /* LaunchScreen.storyboard in Resources */,
				57AD026B2737E2E500766B0F /* Assets.xcassets in Resources */,
				57AD02692737E2E400766B0F /* Main.storyboard in Resources */,
			);
			runOnlyForDeploymentPostprocessing = 0;
		};
/* End PBXResourcesBuildPhase section */

/* Begin PBXSourcesBuildPhase section */
		57AD025A2737E2E400766B0F /* Sources */ = {
			isa = PBXSourcesBuildPhase;
			buildActionMask = 2147483647;
			files = (
				573738EE273AED2600B8DE38 /* SingInViewController.swift in Sources */,
				578172DD273951C8005DB1F2 /* phoneTableViewCell.swift in Sources */,
				5717D23C273AB51B0079E33E /* Shopping.swift in Sources */,
				57AD02662737E2E400766B0F /* ViewController.swift in Sources */,
				5717D238273AB0F60079E33E /* Cartsturct.swift in Sources */,
				573738EA273AE53000B8DE38 /* DarkMoodViewController.swift in Sources */,
				578172DF27395520005DB1F2 /* phoneViewController.swift in Sources */,
				57AD02622737E2E400766B0F /* AppDelegate.swift in Sources */,
				5717D22A273A4F590079E33E /* ViewControllerCategories.swift in Sources */,
				5717D23A273AB2570079E33E /* CartViewController.swift in Sources */,
				573738F0273B00E800B8DE38 /* LoginnViewController.swift in Sources */,
				57AD02642737E2E400766B0F /* SceneDelegate.swift in Sources */,
			);
			runOnlyForDeploymentPostprocessing = 0;
		};
/* End PBXSourcesBuildPhase section */

/* Begin PBXVariantGroup section */
		57AD02672737E2E400766B0F /* Main.storyboard */ = {
			isa = PBXVariantGroup;
			children = (
				57AD02682737E2E400766B0F /* Base */,
				573738EB273AEA5B00B8DE38 /* ar */,
			);
			name = Main.storyboard;
			sourceTree = "<group>";
		};
		57AD026C2737E2E500766B0F /* LaunchScreen.storyboard */ = {
			isa = PBXVariantGroup;
			children = (
				57AD026D2737E2E500766B0F /* Base */,
				573738EC273AEA5B00B8DE38 /* ar */,
			);
			name = LaunchScreen.storyboard;
			sourceTree = "<group>";
		};
/* End PBXVariantGroup section */

/* Begin XCBuildConfiguration section */
		57AD02702737E2E500766B0F /* Debug */ = {
			isa = XCBuildConfiguration;
			buildSettings = {
				ALWAYS_SEARCH_USER_PATHS = NO;
				CLANG_ANALYZER_LOCALIZABILITY_NONLOCALIZED = YES;
				CLANG_ANALYZER_NONNULL = YES;
				CLANG_ANALYZER_NUMBER_OBJECT_CONVERSION = YES_AGGRESSIVE;
				CLANG_CXX_LANGUAGE_STANDARD = "gnu++17";
				CLANG_CXX_LIBRARY = "libc++";
				CLANG_ENABLE_MODULES = YES;
				CLANG_ENABLE_OBJC_ARC = YES;
				CLANG_ENABLE_OBJC_WEAK = YES;
				CLANG_WARN_BLOCK_CAPTURE_AUTORELEASING = YES;
				CLANG_WARN_BOOL_CONVERSION = YES;
				CLANG_WARN_COMMA = YES;
				CLANG_WARN_CONSTANT_CONVERSION = YES;
				CLANG_WARN_DEPRECATED_OBJC_IMPLEMENTATIONS = YES;
				CLANG_WARN_DIRECT_OBJC_ISA_USAGE = YES_ERROR;
				CLANG_WARN_DOCUMENTATION_COMMENTS = YES;
				CLANG_WARN_EMPTY_BODY = YES;
				CLANG_WARN_ENUM_CONVERSION = YES;
				CLANG_WARN_INFINITE_RECURSION = YES;
				CLANG_WARN_INT_CONVERSION = YES;
				CLANG_WARN_NON_LITERAL_NULL_CONVERSION = YES;
				CLANG_WARN_OBJC_IMPLICIT_RETAIN_SELF = YES;
				CLANG_WARN_OBJC_LITERAL_CONVERSION = YES;
				CLANG_WARN_OBJC_ROOT_CLASS = YES_ERROR;
				CLANG_WARN_QUOTED_INCLUDE_IN_FRAMEWORK_HEADER = YES;
				CLANG_WARN_RANGE_LOOP_ANALYSIS = YES;
				CLANG_WARN_STRICT_PROTOTYPES = YES;
				CLANG_WARN_SUSPICIOUS_MOVE = YES;
				CLANG_WARN_UNGUARDED_AVAILABILITY = YES_AGGRESSIVE;
				CLANG_WARN_UNREACHABLE_CODE = YES;
				CLANG_WARN__DUPLICATE_METHOD_MATCH = YES;
				COPY_PHASE_STRIP = NO;
				DEBUG_INFORMATION_FORMAT = dwarf;
				ENABLE_STRICT_OBJC_MSGSEND = YES;
				ENABLE_TESTABILITY = YES;
				GCC_C_LANGUAGE_STANDARD = gnu11;
				GCC_DYNAMIC_NO_PIC = NO;
				GCC_NO_COMMON_BLOCKS = YES;
				GCC_OPTIMIZATION_LEVEL = 0;
				GCC_PREPROCESSOR_DEFINITIONS = (
					"DEBUG=1",
					"$(inherited)",
				);
				GCC_WARN_64_TO_32_BIT_CONVERSION = YES;
				GCC_WARN_ABOUT_RETURN_TYPE = YES_ERROR;
				GCC_WARN_UNDECLARED_SELECTOR = YES;
				GCC_WARN_UNINITIALIZED_AUTOS = YES_AGGRESSIVE;
				GCC_WARN_UNUSED_FUNCTION = YES;
				GCC_WARN_UNUSED_VARIABLE = YES;
				IPHONEOS_DEPLOYMENT_TARGET = 15.0;
				MTL_ENABLE_DEBUG_INFO = INCLUDE_SOURCE;
				MTL_FAST_MATH = YES;
				ONLY_ACTIVE_ARCH = YES;
				SDKROOT = iphoneos;
				SWIFT_ACTIVE_COMPILATION_CONDITIONS = DEBUG;
				SWIFT_OPTIMIZATION_LEVEL = "-Onone";
			};
			name = Debug;
		};
		57AD02712737E2E500766B0F /* Release */ = {
			isa = XCBuildConfiguration;
			buildSettings = {
				ALWAYS_SEARCH_USER_PATHS = NO;
				CLANG_ANALYZER_LOCALIZABILITY_NONLOCALIZED = YES;
				CLANG_ANALYZER_NONNULL = YES;
				CLANG_ANALYZER_NUMBER_OBJECT_CONVERSION = YES_AGGRESSIVE;
				CLANG_CXX_LANGUAGE_STANDARD = "gnu++17";
				CLANG_CXX_LIBRARY = "libc++";
				CLANG_ENABLE_MODULES = YES;
				CLANG_ENABLE_OBJC_ARC = YES;
				CLANG_ENABLE_OBJC_WEAK = YES;
				CLANG_WARN_BLOCK_CAPTURE_AUTORELEASING = YES;
				CLANG_WARN_BOOL_CONVERSION = YES;
				CLANG_WARN_COMMA = YES;
				CLANG_WARN_CONSTANT_CONVERSION = YES;
				CLANG_WARN_DEPRECATED_OBJC_IMPLEMENTATIONS = YES;
				CLANG_WARN_DIRECT_OBJC_ISA_USAGE = YES_ERROR;
				CLANG_WARN_DOCUMENTATION_COMMENTS = YES;
				CLANG_WARN_EMPTY_BODY = YES;
				CLANG_WARN_ENUM_CONVERSION = YES;
				CLANG_WARN_INFINITE_RECURSION = YES;
				CLANG_WARN_INT_CONVERSION = YES;
				CLANG_WARN_NON_LITERAL_NULL_CONVERSION = YES;
				CLANG_WARN_OBJC_IMPLICIT_RETAIN_SELF = YES;
				CLANG_WARN_OBJC_LITERAL_CONVERSION = YES;
				CLANG_WARN_OBJC_ROOT_CLASS = YES_ERROR;
				CLANG_WARN_QUOTED_INCLUDE_IN_FRAMEWORK_HEADER = YES;
				CLANG_WARN_RANGE_LOOP_ANALYSIS = YES;
				CLANG_WARN_STRICT_PROTOTYPES = YES;
				CLANG_WARN_SUSPICIOUS_MOVE = YES;
				CLANG_WARN_UNGUARDED_AVAILABILITY = YES_AGGRESSIVE;
				CLANG_WARN_UNREACHABLE_CODE = YES;
				CLANG_WARN__DUPLICATE_METHOD_MATCH = YES;
				COPY_PHASE_STRIP = NO;
				DEBUG_INFORMATION_FORMAT = "dwarf-with-dsym";
				ENABLE_NS_ASSERTIONS = NO;
				ENABLE_STRICT_OBJC_MSGSEND = YES;
				GCC_C_LANGUAGE_STANDARD = gnu11;
				GCC_NO_COMMON_BLOCKS = YES;
				GCC_WARN_64_TO_32_BIT_CONVERSION = YES;
				GCC_WARN_ABOUT_RETURN_TYPE = YES_ERROR;
				GCC_WARN_UNDECLARED_SELECTOR = YES;
				GCC_WARN_UNINITIALIZED_AUTOS = YES_AGGRESSIVE;
				GCC_WARN_UNUSED_FUNCTION = YES;
				GCC_WARN_UNUSED_VARIABLE = YES;
				IPHONEOS_DEPLOYMENT_TARGET = 15.0;
				MTL_ENABLE_DEBUG_INFO = NO;
				MTL_FAST_MATH = YES;
				SDKROOT = iphoneos;
				SWIFT_COMPILATION_MODE = wholemodule;
				SWIFT_OPTIMIZATION_LEVEL = "-O";
				VALIDATE_PRODUCT = YES;
			};
			name = Release;
		};
		57AD02732737E2E500766B0F /* Debug */ = {
			isa = XCBuildConfiguration;
			buildSettings = {
				ASSETCATALOG_COMPILER_APPICON_NAME = AppIcon;
				ASSETCATALOG_COMPILER_GLOBAL_ACCENT_COLOR_NAME = AccentColor;
				CODE_SIGN_STYLE = Automatic;
				CURRENT_PROJECT_VERSION = 1;
				GENERATE_INFOPLIST_FILE = YES;
				INFOPLIST_FILE = "Electronic Stories/Info.plist";
				INFOPLIST_KEY_UIApplicationSupportsIndirectInputEvents = YES;
				INFOPLIST_KEY_UILaunchStoryboardName = LaunchScreen;
				INFOPLIST_KEY_UIMainStoryboardFile = Main;
				INFOPLIST_KEY_UISupportedInterfaceOrientations_iPad = "UIInterfaceOrientationPortrait UIInterfaceOrientationPortraitUpsideDown UIInterfaceOrientationLandscapeLeft UIInterfaceOrientationLandscapeRight";
				INFOPLIST_KEY_UISupportedInterfaceOrientations_iPhone = "UIInterfaceOrientationPortrait UIInterfaceOrientationLandscapeLeft UIInterfaceOrientationLandscapeRight";
				LD_RUNPATH_SEARCH_PATHS = (
					"$(inherited)",
					"@executable_path/Frameworks",
				);
				MARKETING_VERSION = 1.0;
				PRODUCT_BUNDLE_IDENTIFIER = "com.Asma.Electronic-Stories";
				PRODUCT_NAME = "$(TARGET_NAME)";
				SWIFT_EMIT_LOC_STRINGS = YES;
				SWIFT_VERSION = 5.0;
				TARGETED_DEVICE_FAMILY = "1,2";
			};
			name = Debug;
		};
		57AD02742737E2E500766B0F /* Release */ = {
			isa = XCBuildConfiguration;
			buildSettings = {
				ASSETCATALOG_COMPILER_APPICON_NAME = AppIcon;
				ASSETCATALOG_COMPILER_GLOBAL_ACCENT_COLOR_NAME = AccentColor;
				CODE_SIGN_STYLE = Automatic;
				CURRENT_PROJECT_VERSION = 1;
				GENERATE_INFOPLIST_FILE = YES;
				INFOPLIST_FILE = "Electronic Stories/Info.plist";
				INFOPLIST_KEY_UIApplicationSupportsIndirectInputEvents = YES;
				INFOPLIST_KEY_UILaunchStoryboardName = LaunchScreen;
				INFOPLIST_KEY_UIMainStoryboardFile = Main;
				INFOPLIST_KEY_UISupportedInterfaceOrientations_iPad = "UIInterfaceOrientationPortrait UIInterfaceOrientationPortraitUpsideDown UIInterfaceOrientationLandscapeLeft UIInterfaceOrientationLandscapeRight";
				INFOPLIST_KEY_UISupportedInterfaceOrientations_iPhone = "UIInterfaceOrientationPortrait UIInterfaceOrientationLandscapeLeft UIInterfaceOrientationLandscapeRight";
				LD_RUNPATH_SEARCH_PATHS = (
					"$(inherited)",
					"@executable_path/Frameworks",
				);
				MARKETING_VERSION = 1.0;
				PRODUCT_BUNDLE_IDENTIFIER = "com.Asma.Electronic-Stories";
				PRODUCT_NAME = "$(TARGET_NAME)";
				SWIFT_EMIT_LOC_STRINGS = YES;
				SWIFT_VERSION = 5.0;
				TARGETED_DEVICE_FAMILY = "1,2";
			};
			name = Release;
		};
/* End XCBuildConfiguration section */

/* Begin XCConfigurationList section */
		57AD02592737E2E400766B0F /* Build configuration list for PBXProject "Electronic Stories" */ = {
			isa = XCConfigurationList;
			buildConfigurations = (
				57AD02702737E2E500766B0F /* Debug */,
				57AD02712737E2E500766B0F /* Release */,
			);
			defaultConfigurationIsVisible = 0;
			defaultConfigurationName = Release;
		};
		57AD02722737E2E500766B0F /* Build configuration list for PBXNativeTarget "Electronic Stories" */ = {
			isa = XCConfigurationList;
			buildConfigurations = (
				57AD02732737E2E500766B0F /* Debug */,
				57AD02742737E2E500766B0F /* Release */,
			);
			defaultConfigurationIsVisible = 0;
			defaultConfigurationName = Release;
		};
/* End XCConfigurationList section */
	};
	rootObject = 57AD02562737E2E400766B0F /* Project object */;
}
