// !$*UTF8*$!
{
	archiveVersion = 1;
	classes = {
	};
	objectVersion = 55;
	objects = {

/* Begin PBXBuildFile section */
		FA222D8B27391B2900280DAD /* ChangeLanguageViewController.swift in Sources */ = {isa = PBXBuildFile; fileRef = FA222D8A27391B2900280DAD /* ChangeLanguageViewController.swift */; };
		FA222D8E2739301700280DAD /* SignInViewController.swift in Sources */ = {isa = PBXBuildFile; fileRef = FA222D8D2739301700280DAD /* SignInViewController.swift */; };
		FA222D952739C46700280DAD /* Category.swift in Sources */ = {isa = PBXBuildFile; fileRef = FA222D942739C46700280DAD /* Category.swift */; };
		FA222D972739C47F00280DAD /* Product.swift in Sources */ = {isa = PBXBuildFile; fileRef = FA222D962739C47F00280DAD /* Product.swift */; };
		FA222D992739C50600280DAD /* DataService.swift in Sources */ = {isa = PBXBuildFile; fileRef = FA222D982739C50600280DAD /* DataService.swift */; };
		FA222D9B2739C55A00280DAD /* CategoriesVC.swift in Sources */ = {isa = PBXBuildFile; fileRef = FA222D9A2739C55A00280DAD /* CategoriesVC.swift */; };
		FA222D9D2739C56900280DAD /* ProductVC.swift in Sources */ = {isa = PBXBuildFile; fileRef = FA222D9C2739C56900280DAD /* ProductVC.swift */; };
		FA222D9F2739C58700280DAD /* CategoryCell.swift in Sources */ = {isa = PBXBuildFile; fileRef = FA222D9E2739C58700280DAD /* CategoryCell.swift */; };
		FA222DA12739C59900280DAD /* ProductCell.swift in Sources */ = {isa = PBXBuildFile; fileRef = FA222DA02739C59900280DAD /* ProductCell.swift */; };
		FA222DA5273A7F4500280DAD /* CartTableViewController.swift in Sources */ = {isa = PBXBuildFile; fileRef = FA222DA4273A7F4500280DAD /* CartTableViewController.swift */; };
		FA222DAA273A8E1C00280DAD /* ImgStore.swift in Sources */ = {isa = PBXBuildFile; fileRef = FA222DA9273A8E1C00280DAD /* ImgStore.swift */; };
		FABD47EC2736E652002565DD /* AppDelegate.swift in Sources */ = {isa = PBXBuildFile; fileRef = FABD47EB2736E652002565DD /* AppDelegate.swift */; };
		FABD47EE2736E652002565DD /* SceneDelegate.swift in Sources */ = {isa = PBXBuildFile; fileRef = FABD47ED2736E652002565DD /* SceneDelegate.swift */; };
		FABD47F02736E652002565DD /* ViewController.swift in Sources */ = {isa = PBXBuildFile; fileRef = FABD47EF2736E652002565DD /* ViewController.swift */; };
		FABD47F32736E652002565DD /* Main.storyboard in Resources */ = {isa = PBXBuildFile; fileRef = FABD47F12736E652002565DD /* Main.storyboard */; };
		FABD47F52736E654002565DD /* Assets.xcassets in Resources */ = {isa = PBXBuildFile; fileRef = FABD47F42736E654002565DD /* Assets.xcassets */; };
		FABD47F82736E654002565DD /* LaunchScreen.storyboard in Resources */ = {isa = PBXBuildFile; fileRef = FABD47F62736E654002565DD /* LaunchScreen.storyboard */; };
/* End PBXBuildFile section */

/* Begin PBXFileReference section */
		FA222D8A27391B2900280DAD /* ChangeLanguageViewController.swift */ = {isa = PBXFileReference; lastKnownFileType = sourcecode.swift; path = ChangeLanguageViewController.swift; sourceTree = "<group>"; };
		FA222D8D2739301700280DAD /* SignInViewController.swift */ = {isa = PBXFileReference; lastKnownFileType = sourcecode.swift; path = SignInViewController.swift; sourceTree = "<group>"; };
		FA222D942739C46700280DAD /* Category.swift */ = {isa = PBXFileReference; lastKnownFileType = sourcecode.swift; path = Category.swift; sourceTree = "<group>"; };
		FA222D962739C47F00280DAD /* Product.swift */ = {isa = PBXFileReference; lastKnownFileType = sourcecode.swift; path = Product.swift; sourceTree = "<group>"; };
		FA222D982739C50600280DAD /* DataService.swift */ = {isa = PBXFileReference; lastKnownFileType = sourcecode.swift; path = DataService.swift; sourceTree = "<group>"; };
		FA222D9A2739C55A00280DAD /* CategoriesVC.swift */ = {isa = PBXFileReference; lastKnownFileType = sourcecode.swift; path = CategoriesVC.swift; sourceTree = "<group>"; };
		FA222D9C2739C56900280DAD /* ProductVC.swift */ = {isa = PBXFileReference; lastKnownFileType = sourcecode.swift; path = ProductVC.swift; sourceTree = "<group>"; };
		FA222D9E2739C58700280DAD /* CategoryCell.swift */ = {isa = PBXFileReference; lastKnownFileType = sourcecode.swift; path = CategoryCell.swift; sourceTree = "<group>"; };
		FA222DA02739C59900280DAD /* ProductCell.swift */ = {isa = PBXFileReference; lastKnownFileType = sourcecode.swift; path = ProductCell.swift; sourceTree = "<group>"; };
		FA222DA4273A7F4500280DAD /* CartTableViewController.swift */ = {isa = PBXFileReference; lastKnownFileType = sourcecode.swift; path = CartTableViewController.swift; sourceTree = "<group>"; };
		FA222DA9273A8E1C00280DAD /* ImgStore.swift */ = {isa = PBXFileReference; lastKnownFileType = sourcecode.swift; path = ImgStore.swift; sourceTree = "<group>"; };
		FABD47E82736E652002565DD /* MySecondProject.app */ = {isa = PBXFileReference; explicitFileType = wrapper.application; includeInIndex = 0; path = MySecondProject.app; sourceTree = BUILT_PRODUCTS_DIR; };
		FABD47EB2736E652002565DD /* AppDelegate.swift */ = {isa = PBXFileReference; lastKnownFileType = sourcecode.swift; path = AppDelegate.swift; sourceTree = "<group>"; };
		FABD47ED2736E652002565DD /* SceneDelegate.swift */ = {isa = PBXFileReference; lastKnownFileType = sourcecode.swift; path = SceneDelegate.swift; sourceTree = "<group>"; };
		FABD47EF2736E652002565DD /* ViewController.swift */ = {isa = PBXFileReference; lastKnownFileType = sourcecode.swift; path = ViewController.swift; sourceTree = "<group>"; };
		FABD47F22736E652002565DD /* Base */ = {isa = PBXFileReference; lastKnownFileType = file.storyboard; name = Base; path = Base.lproj/Main.storyboard; sourceTree = "<group>"; };
		FABD47F42736E654002565DD /* Assets.xcassets */ = {isa = PBXFileReference; lastKnownFileType = folder.assetcatalog; path = Assets.xcassets; sourceTree = "<group>"; };
		FABD47F72736E654002565DD /* Base */ = {isa = PBXFileReference; lastKnownFileType = file.storyboard; name = Base; path = Base.lproj/LaunchScreen.storyboard; sourceTree = "<group>"; };
		FABD47F92736E654002565DD /* Info.plist */ = {isa = PBXFileReference; lastKnownFileType = text.plist.xml; path = Info.plist; sourceTree = "<group>"; };
/* End PBXFileReference section */

/* Begin PBXFrameworksBuildPhase section */
		FABD47E52736E652002565DD /* Frameworks */ = {
			isa = PBXFrameworksBuildPhase;
			buildActionMask = 2147483647;
			files = (
			);
			runOnlyForDeploymentPostprocessing = 0;
		};
/* End PBXFrameworksBuildPhase section */

/* Begin PBXGroup section */
		FA222D8C27391E4700280DAD /* ProfileFolder */ = {
			isa = PBXGroup;
			children = (
				FA222D8A27391B2900280DAD /* ChangeLanguageViewController.swift */,
			);
			path = ProfileFolder;
			sourceTree = "<group>";
		};
		FA222D8F2739604D00280DAD /* signInFolder */ = {
			isa = PBXGroup;
			children = (
				FA222D8D2739301700280DAD /* SignInViewController.swift */,
			);
			path = signInFolder;
			sourceTree = "<group>";
		};
		FA222D902739C3BD00280DAD /* Service */ = {
			isa = PBXGroup;
			children = (
				FA222D982739C50600280DAD /* DataService.swift */,
			);
			path = Service;
			sourceTree = "<group>";
		};
		FA222D912739C3DF00280DAD /* Model */ = {
			isa = PBXGroup;
			children = (
				FA222D942739C46700280DAD /* Category.swift */,
				FA222D962739C47F00280DAD /* Product.swift */,
			);
			path = Model;
			sourceTree = "<group>";
		};
		FA222D922739C3F500280DAD /* Controller */ = {
			isa = PBXGroup;
			children = (
				FA222D9A2739C55A00280DAD /* CategoriesVC.swift */,
				FA222D9C2739C56900280DAD /* ProductVC.swift */,
			);
			path = Controller;
			sourceTree = "<group>";
		};
		FA222D932739C40700280DAD /* View */ = {
			isa = PBXGroup;
			children = (
				FA222D9E2739C58700280DAD /* CategoryCell.swift */,
				FA222DA02739C59900280DAD /* ProductCell.swift */,
			);
			path = View;
			sourceTree = "<group>";
		};
		FA222DA22739DD4000280DAD /* CategoryFile */ = {
			isa = PBXGroup;
			children = (
				FA222D932739C40700280DAD /* View */,
				FA222D922739C3F500280DAD /* Controller */,
				FA222D912739C3DF00280DAD /* Model */,
				FA222D902739C3BD00280DAD /* Service */,
			);
			path = CategoryFile;
			sourceTree = "<group>";
		};
		FA222DA3273A6B2300280DAD /* ShoppingCartFiles */ = {
			isa = PBXGroup;
			children = (
				FA222DA4273A7F4500280DAD /* CartTableViewController.swift */,
			);
			path = ShoppingCartFiles;
			sourceTree = "<group>";
		};
		FA222DA6273A8CE900280DAD /* OrderFiles */ = {
			isa = PBXGroup;
			children = (
				FA222DA9273A8E1C00280DAD /* ImgStore.swift */,
			);
			path = OrderFiles;
			sourceTree = "<group>";
		};
		FABD47DF2736E652002565DD = {
			isa = PBXGroup;
			children = (
				FABD47EA2736E652002565DD /* MySecondProject */,
				FABD47E92736E652002565DD /* Products */,
			);
			sourceTree = "<group>";
		};
		FABD47E92736E652002565DD /* Products */ = {
			isa = PBXGroup;
			children = (
				FABD47E82736E652002565DD /* MySecondProject.app */,
			);
			name = Products;
			sourceTree = "<group>";
		};
		FABD47EA2736E652002565DD /* MySecondProject */ = {
			isa = PBXGroup;
			children = (
				FA222DA22739DD4000280DAD /* CategoryFile */,
				FA222DA3273A6B2300280DAD /* ShoppingCartFiles */,
				FABD47EB2736E652002565DD /* AppDelegate.swift */,
				FABD47ED2736E652002565DD /* SceneDelegate.swift */,
				FABD47EF2736E652002565DD /* ViewController.swift */,
				FABD47F12736E652002565DD /* Main.storyboard */,
				FABD47F42736E654002565DD /* Assets.xcassets */,
				FABD47F62736E654002565DD /* LaunchScreen.storyboard */,
				FABD47F92736E654002565DD /* Info.plist */,
				FA222DA6273A8CE900280DAD /* OrderFiles */,
				FA222D8C27391E4700280DAD /* ProfileFolder */,
				FA222D8F2739604D00280DAD /* signInFolder */,
			);
			path = MySecondProject;
			sourceTree = "<group>";
		};
/* End PBXGroup section */

/* Begin PBXNativeTarget section */
		FABD47E72736E652002565DD /* MySecondProject */ = {
			isa = PBXNativeTarget;
			buildConfigurationList = FABD47FC2736E654002565DD /* Build configuration list for PBXNativeTarget "MySecondProject" */;
			buildPhases = (
				FABD47E42736E652002565DD /* Sources */,
				FABD47E52736E652002565DD /* Frameworks */,
				FABD47E62736E652002565DD /* Resources */,
			);
			buildRules = (
			);
			dependencies = (
			);
			name = MySecondProject;
			productName = MySecondProject;
			productReference = FABD47E82736E652002565DD /* MySecondProject.app */;
			productType = "com.apple.product-type.application";
		};
/* End PBXNativeTarget section */

/* Begin PBXProject section */
		FABD47E02736E652002565DD /* Project object */ = {
			isa = PBXProject;
			attributes = {
				BuildIndependentTargetsInParallel = 1;
				LastSwiftUpdateCheck = 1300;
				LastUpgradeCheck = 1300;
				TargetAttributes = {
					FABD47E72736E652002565DD = {
						CreatedOnToolsVersion = 13.0;
					};
				};
			};
			buildConfigurationList = FABD47E32736E652002565DD /* Build configuration list for PBXProject "MySecondProject" */;
			compatibilityVersion = "Xcode 13.0";
			developmentRegion = en;
			hasScannedForEncodings = 0;
			knownRegions = (
				en,
				Base,
			);
			mainGroup = FABD47DF2736E652002565DD;
			productRefGroup = FABD47E92736E652002565DD /* Products */;
			projectDirPath = "";
			projectRoot = "";
			targets = (
				FABD47E72736E652002565DD /* MySecondProject */,
			);
		};
/* End PBXProject section */

/* Begin PBXResourcesBuildPhase section */
		FABD47E62736E652002565DD /* Resources */ = {
			isa = PBXResourcesBuildPhase;
			buildActionMask = 2147483647;
			files = (
				FABD47F82736E654002565DD /* LaunchScreen.storyboard in Resources */,
				FABD47F52736E654002565DD /* Assets.xcassets in Resources */,
				FABD47F32736E652002565DD /* Main.storyboard in Resources */,
			);
			runOnlyForDeploymentPostprocessing = 0;
		};
/* End PBXResourcesBuildPhase section */

/* Begin PBXSourcesBuildPhase section */
		FABD47E42736E652002565DD /* Sources */ = {
			isa = PBXSourcesBuildPhase;
			buildActionMask = 2147483647;
			files = (
				FABD47F02736E652002565DD /* ViewController.swift in Sources */,
				FABD47EC2736E652002565DD /* AppDelegate.swift in Sources */,
				FA222D8B27391B2900280DAD /* ChangeLanguageViewController.swift in Sources */,
				FA222D8E2739301700280DAD /* SignInViewController.swift in Sources */,
				FABD47EE2736E652002565DD /* SceneDelegate.swift in Sources */,
				FA222D952739C46700280DAD /* Category.swift in Sources */,
				FA222D9B2739C55A00280DAD /* CategoriesVC.swift in Sources */,
				FA222D972739C47F00280DAD /* Product.swift in Sources */,
				FA222DAA273A8E1C00280DAD /* ImgStore.swift in Sources */,
				FA222D9D2739C56900280DAD /* ProductVC.swift in Sources */,
				FA222DA5273A7F4500280DAD /* CartTableViewController.swift in Sources */,
				FA222DA12739C59900280DAD /* ProductCell.swift in Sources */,
				FA222D992739C50600280DAD /* DataService.swift in Sources */,
				FA222D9F2739C58700280DAD /* CategoryCell.swift in Sources */,
			);
			runOnlyForDeploymentPostprocessing = 0;
		};
/* End PBXSourcesBuildPhase section */

/* Begin PBXVariantGroup section */
		FABD47F12736E652002565DD /* Main.storyboard */ = {
			isa = PBXVariantGroup;
			children = (
				FABD47F22736E652002565DD /* Base */,
			);
			name = Main.storyboard;
			sourceTree = "<group>";
		};
		FABD47F62736E654002565DD /* LaunchScreen.storyboard */ = {
			isa = PBXVariantGroup;
			children = (
				FABD47F72736E654002565DD /* Base */,
			);
			name = LaunchScreen.storyboard;
			sourceTree = "<group>";
		};
/* End PBXVariantGroup section */

/* Begin XCBuildConfiguration section */
		FABD47FA2736E654002565DD /* Debug */ = {
			isa = XCBuildConfiguration;
			buildSettings = {
				ALWAYS_SEARCH_USER_PATHS = NO;
				CLANG_ANALYZER_NONNULL = YES;
				CLANG_ANALYZER_NUMBER_OBJECT_CONVERSION = YES_AGGRESSIVE;
				CLANG_CXX_LANGUAGE_STANDARD = "gnu++17";
				CLANG_CXX_LIBRARY = "libc++";
				CLANG_ENABLE_MODULES = YES;
				CLANG_ENABLE_OBJC_ARC = YES;
				CLANG_ENABLE_OBJC_WEAK = YES;
				CLANG_WARN_BLOCK_CAPTURE_AUTORELEASING = YES;
				CLANG_WARN_BOOL_CONVERSION = YES;
				CLANG_WARN_COMMA = YES;
				CLANG_WARN_CONSTANT_CONVERSION = YES;
				CLANG_WARN_DEPRECATED_OBJC_IMPLEMENTATIONS = YES;
				CLANG_WARN_DIRECT_OBJC_ISA_USAGE = YES_ERROR;
				CLANG_WARN_DOCUMENTATION_COMMENTS = YES;
				CLANG_WARN_EMPTY_BODY = YES;
				CLANG_WARN_ENUM_CONVERSION = YES;
				CLANG_WARN_INFINITE_RECURSION = YES;
				CLANG_WARN_INT_CONVERSION = YES;
				CLANG_WARN_NON_LITERAL_NULL_CONVERSION = YES;
				CLANG_WARN_OBJC_IMPLICIT_RETAIN_SELF = YES;
				CLANG_WARN_OBJC_LITERAL_CONVERSION = YES;
				CLANG_WARN_OBJC_ROOT_CLASS = YES_ERROR;
				CLANG_WARN_QUOTED_INCLUDE_IN_FRAMEWORK_HEADER = YES;
				CLANG_WARN_RANGE_LOOP_ANALYSIS = YES;
				CLANG_WARN_STRICT_PROTOTYPES = YES;
				CLANG_WARN_SUSPICIOUS_MOVE = YES;
				CLANG_WARN_UNGUARDED_AVAILABILITY = YES_AGGRESSIVE;
				CLANG_WARN_UNREACHABLE_CODE = YES;
				CLANG_WARN__DUPLICATE_METHOD_MATCH = YES;
				COPY_PHASE_STRIP = NO;
				DEBUG_INFORMATION_FORMAT = dwarf;
				ENABLE_STRICT_OBJC_MSGSEND = YES;
				ENABLE_TESTABILITY = YES;
				GCC_C_LANGUAGE_STANDARD = gnu11;
				GCC_DYNAMIC_NO_PIC = NO;
				GCC_NO_COMMON_BLOCKS = YES;
				GCC_OPTIMIZATION_LEVEL = 0;
				GCC_PREPROCESSOR_DEFINITIONS = (
					"DEBUG=1",
					"$(inherited)",
				);
				GCC_WARN_64_TO_32_BIT_CONVERSION = YES;
				GCC_WARN_ABOUT_RETURN_TYPE = YES_ERROR;
				GCC_WARN_UNDECLARED_SELECTOR = YES;
				GCC_WARN_UNINITIALIZED_AUTOS = YES_AGGRESSIVE;
				GCC_WARN_UNUSED_FUNCTION = YES;
				GCC_WARN_UNUSED_VARIABLE = YES;
				IPHONEOS_DEPLOYMENT_TARGET = 15.0;
				MTL_ENABLE_DEBUG_INFO = INCLUDE_SOURCE;
				MTL_FAST_MATH = YES;
				ONLY_ACTIVE_ARCH = YES;
				SDKROOT = iphoneos;
				SWIFT_ACTIVE_COMPILATION_CONDITIONS = DEBUG;
				SWIFT_OPTIMIZATION_LEVEL = "-Onone";
			};
			name = Debug;
		};
		FABD47FB2736E654002565DD /* Release */ = {
			isa = XCBuildConfiguration;
			buildSettings = {
				ALWAYS_SEARCH_USER_PATHS = NO;
				CLANG_ANALYZER_NONNULL = YES;
				CLANG_ANALYZER_NUMBER_OBJECT_CONVERSION = YES_AGGRESSIVE;
				CLANG_CXX_LANGUAGE_STANDARD = "gnu++17";
				CLANG_CXX_LIBRARY = "libc++";
				CLANG_ENABLE_MODULES = YES;
				CLANG_ENABLE_OBJC_ARC = YES;
				CLANG_ENABLE_OBJC_WEAK = YES;
				CLANG_WARN_BLOCK_CAPTURE_AUTORELEASING = YES;
				CLANG_WARN_BOOL_CONVERSION = YES;
				CLANG_WARN_COMMA = YES;
				CLANG_WARN_CONSTANT_CONVERSION = YES;
				CLANG_WARN_DEPRECATED_OBJC_IMPLEMENTATIONS = YES;
				CLANG_WARN_DIRECT_OBJC_ISA_USAGE = YES_ERROR;
				CLANG_WARN_DOCUMENTATION_COMMENTS = YES;
				CLANG_WARN_EMPTY_BODY = YES;
				CLANG_WARN_ENUM_CONVERSION = YES;
				CLANG_WARN_INFINITE_RECURSION = YES;
				CLANG_WARN_INT_CONVERSION = YES;
				CLANG_WARN_NON_LITERAL_NULL_CONVERSION = YES;
				CLANG_WARN_OBJC_IMPLICIT_RETAIN_SELF = YES;
				CLANG_WARN_OBJC_LITERAL_CONVERSION = YES;
				CLANG_WARN_OBJC_ROOT_CLASS = YES_ERROR;
				CLANG_WARN_QUOTED_INCLUDE_IN_FRAMEWORK_HEADER = YES;
				CLANG_WARN_RANGE_LOOP_ANALYSIS = YES;
				CLANG_WARN_STRICT_PROTOTYPES = YES;
				CLANG_WARN_SUSPICIOUS_MOVE = YES;
				CLANG_WARN_UNGUARDED_AVAILABILITY = YES_AGGRESSIVE;
				CLANG_WARN_UNREACHABLE_CODE = YES;
				CLANG_WARN__DUPLICATE_METHOD_MATCH = YES;
				COPY_PHASE_STRIP = NO;
				DEBUG_INFORMATION_FORMAT = "dwarf-with-dsym";
				ENABLE_NS_ASSERTIONS = NO;
				ENABLE_STRICT_OBJC_MSGSEND = YES;
				GCC_C_LANGUAGE_STANDARD = gnu11;
				GCC_NO_COMMON_BLOCKS = YES;
				GCC_WARN_64_TO_32_BIT_CONVERSION = YES;
				GCC_WARN_ABOUT_RETURN_TYPE = YES_ERROR;
				GCC_WARN_UNDECLARED_SELECTOR = YES;
				GCC_WARN_UNINITIALIZED_AUTOS = YES_AGGRESSIVE;
				GCC_WARN_UNUSED_FUNCTION = YES;
				GCC_WARN_UNUSED_VARIABLE = YES;
				IPHONEOS_DEPLOYMENT_TARGET = 15.0;
				MTL_ENABLE_DEBUG_INFO = NO;
				MTL_FAST_MATH = YES;
				SDKROOT = iphoneos;
				SWIFT_COMPILATION_MODE = wholemodule;
				SWIFT_OPTIMIZATION_LEVEL = "-O";
				VALIDATE_PRODUCT = YES;
			};
			name = Release;
		};
		FABD47FD2736E654002565DD /* Debug */ = {
			isa = XCBuildConfiguration;
			buildSettings = {
				ASSETCATALOG_COMPILER_APPICON_NAME = AppIcon;
				ASSETCATALOG_COMPILER_GLOBAL_ACCENT_COLOR_NAME = AccentColor;
				CODE_SIGN_STYLE = Automatic;
				CURRENT_PROJECT_VERSION = 1;
				GENERATE_INFOPLIST_FILE = YES;
				INFOPLIST_FILE = MySecondProject/Info.plist;
				INFOPLIST_KEY_UIApplicationSupportsIndirectInputEvents = YES;
				INFOPLIST_KEY_UILaunchStoryboardName = LaunchScreen;
				INFOPLIST_KEY_UIMainStoryboardFile = Main;
				INFOPLIST_KEY_UISupportedInterfaceOrientations_iPad = "UIInterfaceOrientationPortrait UIInterfaceOrientationPortraitUpsideDown UIInterfaceOrientationLandscapeLeft UIInterfaceOrientationLandscapeRight";
				INFOPLIST_KEY_UISupportedInterfaceOrientations_iPhone = "UIInterfaceOrientationPortrait UIInterfaceOrientationLandscapeLeft UIInterfaceOrientationLandscapeRight";
				LD_RUNPATH_SEARCH_PATHS = (
					"$(inherited)",
					"@executable_path/Frameworks",
				);
				MARKETING_VERSION = 1.0;
				PRODUCT_BUNDLE_IDENTIFIER = com.google.MySecondProject;
				PRODUCT_NAME = "$(TARGET_NAME)";
				SWIFT_EMIT_LOC_STRINGS = YES;
				SWIFT_VERSION = 5.0;
				TARGETED_DEVICE_FAMILY = "1,2";
			};
			name = Debug;
		};
		FABD47FE2736E654002565DD /* Release */ = {
			isa = XCBuildConfiguration;
			buildSettings = {
				ASSETCATALOG_COMPILER_APPICON_NAME = AppIcon;
				ASSETCATALOG_COMPILER_GLOBAL_ACCENT_COLOR_NAME = AccentColor;
				CODE_SIGN_STYLE = Automatic;
				CURRENT_PROJECT_VERSION = 1;
				GENERATE_INFOPLIST_FILE = YES;
				INFOPLIST_FILE = MySecondProject/Info.plist;
				INFOPLIST_KEY_UIApplicationSupportsIndirectInputEvents = YES;
				INFOPLIST_KEY_UILaunchStoryboardName = LaunchScreen;
				INFOPLIST_KEY_UIMainStoryboardFile = Main;
				INFOPLIST_KEY_UISupportedInterfaceOrientations_iPad = "UIInterfaceOrientationPortrait UIInterfaceOrientationPortraitUpsideDown UIInterfaceOrientationLandscapeLeft UIInterfaceOrientationLandscapeRight";
				INFOPLIST_KEY_UISupportedInterfaceOrientations_iPhone = "UIInterfaceOrientationPortrait UIInterfaceOrientationLandscapeLeft UIInterfaceOrientationLandscapeRight";
				LD_RUNPATH_SEARCH_PATHS = (
					"$(inherited)",
					"@executable_path/Frameworks",
				);
				MARKETING_VERSION = 1.0;
				PRODUCT_BUNDLE_IDENTIFIER = com.google.MySecondProject;
				PRODUCT_NAME = "$(TARGET_NAME)";
				SWIFT_EMIT_LOC_STRINGS = YES;
				SWIFT_VERSION = 5.0;
				TARGETED_DEVICE_FAMILY = "1,2";
			};
			name = Release;
		};
/* End XCBuildConfiguration section */

/* Begin XCConfigurationList section */
		FABD47E32736E652002565DD /* Build configuration list for PBXProject "MySecondProject" */ = {
			isa = XCConfigurationList;
			buildConfigurations = (
				FABD47FA2736E654002565DD /* Debug */,
				FABD47FB2736E654002565DD /* Release */,
			);
			defaultConfigurationIsVisible = 0;
			defaultConfigurationName = Release;
		};
		FABD47FC2736E654002565DD /* Build configuration list for PBXNativeTarget "MySecondProject" */ = {
			isa = XCConfigurationList;
			buildConfigurations = (
				FABD47FD2736E654002565DD /* Debug */,
				FABD47FE2736E654002565DD /* Release */,
			);
			defaultConfigurationIsVisible = 0;
			defaultConfigurationName = Release;
		};
/* End XCConfigurationList section */
	};
	rootObject = FABD47E02736E652002565DD /* Project object */;
}
