// !$*UTF8*$!
{
	archiveVersion = 1;
	classes = {
	};
	objectVersion = 55;
	objects = {

/* Begin PBXBuildFile section */
		CE4ED661273939E000ED9D6F /* SeccondViewController.swift in Sources */ = {isa = PBXBuildFile; fileRef = CE4ED660273939E000ED9D6F /* SeccondViewController.swift */; };
		CEDCF7382737C1C7007A86EC /* AppDelegate.swift in Sources */ = {isa = PBXBuildFile; fileRef = CEDCF7372737C1C7007A86EC /* AppDelegate.swift */; };
		CEDCF73A2737C1C7007A86EC /* SceneDelegate.swift in Sources */ = {isa = PBXBuildFile; fileRef = CEDCF7392737C1C7007A86EC /* SceneDelegate.swift */; };
		CEDCF73C2737C1C7007A86EC /* ViewController.swift in Sources */ = {isa = PBXBuildFile; fileRef = CEDCF73B2737C1C7007A86EC /* ViewController.swift */; };
		CEDCF73F2737C1C7007A86EC /* Main.storyboard in Resources */ = {isa = PBXBuildFile; fileRef = CEDCF73D2737C1C7007A86EC /* Main.storyboard */; };
		CEDCF7412737C1C8007A86EC /* Assets.xcassets in Resources */ = {isa = PBXBuildFile; fileRef = CEDCF7402737C1C8007A86EC /* Assets.xcassets */; };
		CEDCF7442737C1C8007A86EC /* LaunchScreen.storyboard in Resources */ = {isa = PBXBuildFile; fileRef = CEDCF7422737C1C8007A86EC /* LaunchScreen.storyboard */; };
		CEDCF74C2737E150007A86EC /* UserName.swift in Sources */ = {isa = PBXBuildFile; fileRef = CEDCF74B2737E150007A86EC /* UserName.swift */; };
/* End PBXBuildFile section */

/* Begin PBXFileReference section */
		CE4ED660273939E000ED9D6F /* SeccondViewController.swift */ = {isa = PBXFileReference; lastKnownFileType = sourcecode.swift; path = SeccondViewController.swift; sourceTree = "<group>"; };
		CEDCF7342737C1C7007A86EC /* SeccondProject.app */ = {isa = PBXFileReference; explicitFileType = wrapper.application; includeInIndex = 0; path = SeccondProject.app; sourceTree = BUILT_PRODUCTS_DIR; };
		CEDCF7372737C1C7007A86EC /* AppDelegate.swift */ = {isa = PBXFileReference; lastKnownFileType = sourcecode.swift; path = AppDelegate.swift; sourceTree = "<group>"; };
		CEDCF7392737C1C7007A86EC /* SceneDelegate.swift */ = {isa = PBXFileReference; lastKnownFileType = sourcecode.swift; path = SceneDelegate.swift; sourceTree = "<group>"; };
		CEDCF73B2737C1C7007A86EC /* ViewController.swift */ = {isa = PBXFileReference; lastKnownFileType = sourcecode.swift; path = ViewController.swift; sourceTree = "<group>"; };
		CEDCF73E2737C1C7007A86EC /* Base */ = {isa = PBXFileReference; lastKnownFileType = file.storyboard; name = Base; path = Base.lproj/Main.storyboard; sourceTree = "<group>"; };
		CEDCF7402737C1C8007A86EC /* Assets.xcassets */ = {isa = PBXFileReference; lastKnownFileType = folder.assetcatalog; path = Assets.xcassets; sourceTree = "<group>"; };
		CEDCF7432737C1C8007A86EC /* Base */ = {isa = PBXFileReference; lastKnownFileType = file.storyboard; name = Base; path = Base.lproj/LaunchScreen.storyboard; sourceTree = "<group>"; };
		CEDCF7452737C1C8007A86EC /* Info.plist */ = {isa = PBXFileReference; lastKnownFileType = text.plist.xml; path = Info.plist; sourceTree = "<group>"; };
		CEDCF74B2737E150007A86EC /* UserName.swift */ = {isa = PBXFileReference; lastKnownFileType = sourcecode.swift; path = UserName.swift; sourceTree = "<group>"; };
/* End PBXFileReference section */

/* Begin PBXFrameworksBuildPhase section */
		CEDCF7312737C1C7007A86EC /* Frameworks */ = {
			isa = PBXFrameworksBuildPhase;
			buildActionMask = 2147483647;
			files = (
			);
			runOnlyForDeploymentPostprocessing = 0;
		};
/* End PBXFrameworksBuildPhase section */

/* Begin PBXGroup section */
		CEDCF72B2737C1C7007A86EC = {
			isa = PBXGroup;
			children = (
				CEDCF7362737C1C7007A86EC /* SeccondProject */,
				CEDCF7352737C1C7007A86EC /* Products */,
			);
			sourceTree = "<group>";
		};
		CEDCF7352737C1C7007A86EC /* Products */ = {
			isa = PBXGroup;
			children = (
				CEDCF7342737C1C7007A86EC /* SeccondProject.app */,
			);
			name = Products;
			sourceTree = "<group>";
		};
		CEDCF7362737C1C7007A86EC /* SeccondProject */ = {
			isa = PBXGroup;
			children = (
				CEDCF7372737C1C7007A86EC /* AppDelegate.swift */,
				CEDCF7392737C1C7007A86EC /* SceneDelegate.swift */,
				CEDCF73B2737C1C7007A86EC /* ViewController.swift */,
				CEDCF73D2737C1C7007A86EC /* Main.storyboard */,
				CEDCF7402737C1C8007A86EC /* Assets.xcassets */,
				CEDCF7422737C1C8007A86EC /* LaunchScreen.storyboard */,
				CEDCF7452737C1C8007A86EC /* Info.plist */,
				CEDCF74B2737E150007A86EC /* UserName.swift */,
				CE4ED660273939E000ED9D6F /* SeccondViewController.swift */,
			);
			path = SeccondProject;
			sourceTree = "<group>";
		};
/* End PBXGroup section */

/* Begin PBXNativeTarget section */
		CEDCF7332737C1C7007A86EC /* SeccondProject */ = {
			isa = PBXNativeTarget;
			buildConfigurationList = CEDCF7482737C1C8007A86EC /* Build configuration list for PBXNativeTarget "SeccondProject" */;
			buildPhases = (
				CEDCF7302737C1C7007A86EC /* Sources */,
				CEDCF7312737C1C7007A86EC /* Frameworks */,
				CEDCF7322737C1C7007A86EC /* Resources */,
			);
			buildRules = (
			);
			dependencies = (
			);
			name = SeccondProject;
			productName = SeccondProject;
			productReference = CEDCF7342737C1C7007A86EC /* SeccondProject.app */;
			productType = "com.apple.product-type.application";
		};
/* End PBXNativeTarget section */

/* Begin PBXProject section */
		CEDCF72C2737C1C7007A86EC /* Project object */ = {
			isa = PBXProject;
			attributes = {
				BuildIndependentTargetsInParallel = 1;
				LastSwiftUpdateCheck = 1300;
				LastUpgradeCheck = 1300;
				TargetAttributes = {
					CEDCF7332737C1C7007A86EC = {
						CreatedOnToolsVersion = 13.0;
					};
				};
			};
			buildConfigurationList = CEDCF72F2737C1C7007A86EC /* Build configuration list for PBXProject "SeccondProject" */;
			compatibilityVersion = "Xcode 13.0";
			developmentRegion = en;
			hasScannedForEncodings = 0;
			knownRegions = (
				en,
				Base,
			);
			mainGroup = CEDCF72B2737C1C7007A86EC;
			productRefGroup = CEDCF7352737C1C7007A86EC /* Products */;
			projectDirPath = "";
			projectRoot = "";
			targets = (
				CEDCF7332737C1C7007A86EC /* SeccondProject */,
			);
		};
/* End PBXProject section */

/* Begin PBXResourcesBuildPhase section */
		CEDCF7322737C1C7007A86EC /* Resources */ = {
			isa = PBXResourcesBuildPhase;
			buildActionMask = 2147483647;
			files = (
				CEDCF7442737C1C8007A86EC /* LaunchScreen.storyboard in Resources */,
				CEDCF7412737C1C8007A86EC /* Assets.xcassets in Resources */,
				CEDCF73F2737C1C7007A86EC /* Main.storyboard in Resources */,
			);
			runOnlyForDeploymentPostprocessing = 0;
		};
/* End PBXResourcesBuildPhase section */

/* Begin PBXSourcesBuildPhase section */
		CEDCF7302737C1C7007A86EC /* Sources */ = {
			isa = PBXSourcesBuildPhase;
			buildActionMask = 2147483647;
			files = (
				CEDCF74C2737E150007A86EC /* UserName.swift in Sources */,
				CEDCF73C2737C1C7007A86EC /* ViewController.swift in Sources */,
				CEDCF7382737C1C7007A86EC /* AppDelegate.swift in Sources */,
				CE4ED661273939E000ED9D6F /* SeccondViewController.swift in Sources */,
				CEDCF73A2737C1C7007A86EC /* SceneDelegate.swift in Sources */,
			);
			runOnlyForDeploymentPostprocessing = 0;
		};
/* End PBXSourcesBuildPhase section */

/* Begin PBXVariantGroup section */
		CEDCF73D2737C1C7007A86EC /* Main.storyboard */ = {
			isa = PBXVariantGroup;
			children = (
				CEDCF73E2737C1C7007A86EC /* Base */,
			);
			name = Main.storyboard;
			sourceTree = "<group>";
		};
		CEDCF7422737C1C8007A86EC /* LaunchScreen.storyboard */ = {
			isa = PBXVariantGroup;
			children = (
				CEDCF7432737C1C8007A86EC /* Base */,
			);
			name = LaunchScreen.storyboard;
			sourceTree = "<group>";
		};
/* End PBXVariantGroup section */

/* Begin XCBuildConfiguration section */
		CEDCF7462737C1C8007A86EC /* Debug */ = {
			isa = XCBuildConfiguration;
			buildSettings = {
				ALWAYS_SEARCH_USER_PATHS = NO;
				CLANG_ANALYZER_NONNULL = YES;
				CLANG_ANALYZER_NUMBER_OBJECT_CONVERSION = YES_AGGRESSIVE;
				CLANG_CXX_LANGUAGE_STANDARD = "gnu++17";
				CLANG_CXX_LIBRARY = "libc++";
				CLANG_ENABLE_MODULES = YES;
				CLANG_ENABLE_OBJC_ARC = YES;
				CLANG_ENABLE_OBJC_WEAK = YES;
				CLANG_WARN_BLOCK_CAPTURE_AUTORELEASING = YES;
				CLANG_WARN_BOOL_CONVERSION = YES;
				CLANG_WARN_COMMA = YES;
				CLANG_WARN_CONSTANT_CONVERSION = YES;
				CLANG_WARN_DEPRECATED_OBJC_IMPLEMENTATIONS = YES;
				CLANG_WARN_DIRECT_OBJC_ISA_USAGE = YES_ERROR;
				CLANG_WARN_DOCUMENTATION_COMMENTS = YES;
				CLANG_WARN_EMPTY_BODY = YES;
				CLANG_WARN_ENUM_CONVERSION = YES;
				CLANG_WARN_INFINITE_RECURSION = YES;
				CLANG_WARN_INT_CONVERSION = YES;
				CLANG_WARN_NON_LITERAL_NULL_CONVERSION = YES;
				CLANG_WARN_OBJC_IMPLICIT_RETAIN_SELF = YES;
				CLANG_WARN_OBJC_LITERAL_CONVERSION = YES;
				CLANG_WARN_OBJC_ROOT_CLASS = YES_ERROR;
				CLANG_WARN_QUOTED_INCLUDE_IN_FRAMEWORK_HEADER = YES;
				CLANG_WARN_RANGE_LOOP_ANALYSIS = YES;
				CLANG_WARN_STRICT_PROTOTYPES = YES;
				CLANG_WARN_SUSPICIOUS_MOVE = YES;
				CLANG_WARN_UNGUARDED_AVAILABILITY = YES_AGGRESSIVE;
				CLANG_WARN_UNREACHABLE_CODE = YES;
				CLANG_WARN__DUPLICATE_METHOD_MATCH = YES;
				COPY_PHASE_STRIP = NO;
				DEBUG_INFORMATION_FORMAT = dwarf;
				ENABLE_STRICT_OBJC_MSGSEND = YES;
				ENABLE_TESTABILITY = YES;
				GCC_C_LANGUAGE_STANDARD = gnu11;
				GCC_DYNAMIC_NO_PIC = NO;
				GCC_NO_COMMON_BLOCKS = YES;
				GCC_OPTIMIZATION_LEVEL = 0;
				GCC_PREPROCESSOR_DEFINITIONS = (
					"DEBUG=1",
					"$(inherited)",
				);
				GCC_WARN_64_TO_32_BIT_CONVERSION = YES;
				GCC_WARN_ABOUT_RETURN_TYPE = YES_ERROR;
				GCC_WARN_UNDECLARED_SELECTOR = YES;
				GCC_WARN_UNINITIALIZED_AUTOS = YES_AGGRESSIVE;
				GCC_WARN_UNUSED_FUNCTION = YES;
				GCC_WARN_UNUSED_VARIABLE = YES;
				IPHONEOS_DEPLOYMENT_TARGET = 15.0;
				MTL_ENABLE_DEBUG_INFO = INCLUDE_SOURCE;
				MTL_FAST_MATH = YES;
				ONLY_ACTIVE_ARCH = YES;
				SDKROOT = iphoneos;
				SWIFT_ACTIVE_COMPILATION_CONDITIONS = DEBUG;
				SWIFT_OPTIMIZATION_LEVEL = "-Onone";
			};
			name = Debug;
		};
		CEDCF7472737C1C8007A86EC /* Release */ = {
			isa = XCBuildConfiguration;
			buildSettings = {
				ALWAYS_SEARCH_USER_PATHS = NO;
				CLANG_ANALYZER_NONNULL = YES;
				CLANG_ANALYZER_NUMBER_OBJECT_CONVERSION = YES_AGGRESSIVE;
				CLANG_CXX_LANGUAGE_STANDARD = "gnu++17";
				CLANG_CXX_LIBRARY = "libc++";
				CLANG_ENABLE_MODULES = YES;
				CLANG_ENABLE_OBJC_ARC = YES;
				CLANG_ENABLE_OBJC_WEAK = YES;
				CLANG_WARN_BLOCK_CAPTURE_AUTORELEASING = YES;
				CLANG_WARN_BOOL_CONVERSION = YES;
				CLANG_WARN_COMMA = YES;
				CLANG_WARN_CONSTANT_CONVERSION = YES;
				CLANG_WARN_DEPRECATED_OBJC_IMPLEMENTATIONS = YES;
				CLANG_WARN_DIRECT_OBJC_ISA_USAGE = YES_ERROR;
				CLANG_WARN_DOCUMENTATION_COMMENTS = YES;
				CLANG_WARN_EMPTY_BODY = YES;
				CLANG_WARN_ENUM_CONVERSION = YES;
				CLANG_WARN_INFINITE_RECURSION = YES;
				CLANG_WARN_INT_CONVERSION = YES;
				CLANG_WARN_NON_LITERAL_NULL_CONVERSION = YES;
				CLANG_WARN_OBJC_IMPLICIT_RETAIN_SELF = YES;
				CLANG_WARN_OBJC_LITERAL_CONVERSION = YES;
				CLANG_WARN_OBJC_ROOT_CLASS = YES_ERROR;
				CLANG_WARN_QUOTED_INCLUDE_IN_FRAMEWORK_HEADER = YES;
				CLANG_WARN_RANGE_LOOP_ANALYSIS = YES;
				CLANG_WARN_STRICT_PROTOTYPES = YES;
				CLANG_WARN_SUSPICIOUS_MOVE = YES;
				CLANG_WARN_UNGUARDED_AVAILABILITY = YES_AGGRESSIVE;
				CLANG_WARN_UNREACHABLE_CODE = YES;
				CLANG_WARN__DUPLICATE_METHOD_MATCH = YES;
				COPY_PHASE_STRIP = NO;
				DEBUG_INFORMATION_FORMAT = "dwarf-with-dsym";
				ENABLE_NS_ASSERTIONS = NO;
				ENABLE_STRICT_OBJC_MSGSEND = YES;
				GCC_C_LANGUAGE_STANDARD = gnu11;
				GCC_NO_COMMON_BLOCKS = YES;
				GCC_WARN_64_TO_32_BIT_CONVERSION = YES;
				GCC_WARN_ABOUT_RETURN_TYPE = YES_ERROR;
				GCC_WARN_UNDECLARED_SELECTOR = YES;
				GCC_WARN_UNINITIALIZED_AUTOS = YES_AGGRESSIVE;
				GCC_WARN_UNUSED_FUNCTION = YES;
				GCC_WARN_UNUSED_VARIABLE = YES;
				IPHONEOS_DEPLOYMENT_TARGET = 15.0;
				MTL_ENABLE_DEBUG_INFO = NO;
				MTL_FAST_MATH = YES;
				SDKROOT = iphoneos;
				SWIFT_COMPILATION_MODE = wholemodule;
				SWIFT_OPTIMIZATION_LEVEL = "-O";
				VALIDATE_PRODUCT = YES;
			};
			name = Release;
		};
		CEDCF7492737C1C8007A86EC /* Debug */ = {
			isa = XCBuildConfiguration;
			buildSettings = {
				ASSETCATALOG_COMPILER_APPICON_NAME = AppIcon;
				ASSETCATALOG_COMPILER_GLOBAL_ACCENT_COLOR_NAME = AccentColor;
				CODE_SIGN_STYLE = Automatic;
				CURRENT_PROJECT_VERSION = 1;
				GENERATE_INFOPLIST_FILE = YES;
				INFOPLIST_FILE = SeccondProject/Info.plist;
				INFOPLIST_KEY_UIApplicationSupportsIndirectInputEvents = YES;
				INFOPLIST_KEY_UILaunchStoryboardName = LaunchScreen;
				INFOPLIST_KEY_UIMainStoryboardFile = Main;
				INFOPLIST_KEY_UISupportedInterfaceOrientations_iPad = "UIInterfaceOrientationPortrait UIInterfaceOrientationPortraitUpsideDown UIInterfaceOrientationLandscapeLeft UIInterfaceOrientationLandscapeRight";
				INFOPLIST_KEY_UISupportedInterfaceOrientations_iPhone = "UIInterfaceOrientationPortrait UIInterfaceOrientationLandscapeLeft UIInterfaceOrientationLandscapeRight";
				LD_RUNPATH_SEARCH_PATHS = (
					"$(inherited)",
					"@executable_path/Frameworks",
				);
				MARKETING_VERSION = 1.0;
				PRODUCT_BUNDLE_IDENTIFIER = com..SeccondProject;
				PRODUCT_NAME = "$(TARGET_NAME)";
				SWIFT_EMIT_LOC_STRINGS = YES;
				SWIFT_VERSION = 5.0;
				TARGETED_DEVICE_FAMILY = "1,2";
			};
			name = Debug;
		};
		CEDCF74A2737C1C8007A86EC /* Release */ = {
			isa = XCBuildConfiguration;
			buildSettings = {
				ASSETCATALOG_COMPILER_APPICON_NAME = AppIcon;
				ASSETCATALOG_COMPILER_GLOBAL_ACCENT_COLOR_NAME = AccentColor;
				CODE_SIGN_STYLE = Automatic;
				CURRENT_PROJECT_VERSION = 1;
				GENERATE_INFOPLIST_FILE = YES;
				INFOPLIST_FILE = SeccondProject/Info.plist;
				INFOPLIST_KEY_UIApplicationSupportsIndirectInputEvents = YES;
				INFOPLIST_KEY_UILaunchStoryboardName = LaunchScreen;
				INFOPLIST_KEY_UIMainStoryboardFile = Main;
				INFOPLIST_KEY_UISupportedInterfaceOrientations_iPad = "UIInterfaceOrientationPortrait UIInterfaceOrientationPortraitUpsideDown UIInterfaceOrientationLandscapeLeft UIInterfaceOrientationLandscapeRight";
				INFOPLIST_KEY_UISupportedInterfaceOrientations_iPhone = "UIInterfaceOrientationPortrait UIInterfaceOrientationLandscapeLeft UIInterfaceOrientationLandscapeRight";
				LD_RUNPATH_SEARCH_PATHS = (
					"$(inherited)",
					"@executable_path/Frameworks",
				);
				MARKETING_VERSION = 1.0;
				PRODUCT_BUNDLE_IDENTIFIER = com..SeccondProject;
				PRODUCT_NAME = "$(TARGET_NAME)";
				SWIFT_EMIT_LOC_STRINGS = YES;
				SWIFT_VERSION = 5.0;
				TARGETED_DEVICE_FAMILY = "1,2";
			};
			name = Release;
		};
/* End XCBuildConfiguration section */

/* Begin XCConfigurationList section */
		CEDCF72F2737C1C7007A86EC /* Build configuration list for PBXProject "SeccondProject" */ = {
			isa = XCConfigurationList;
			buildConfigurations = (
				CEDCF7462737C1C8007A86EC /* Debug */,
				CEDCF7472737C1C8007A86EC /* Release */,
			);
			defaultConfigurationIsVisible = 0;
			defaultConfigurationName = Release;
		};
		CEDCF7482737C1C8007A86EC /* Build configuration list for PBXNativeTarget "SeccondProject" */ = {
			isa = XCConfigurationList;
			buildConfigurations = (
				CEDCF7492737C1C8007A86EC /* Debug */,
				CEDCF74A2737C1C8007A86EC /* Release */,
			);
			defaultConfigurationIsVisible = 0;
			defaultConfigurationName = Release;
		};
/* End XCConfigurationList section */
	};
	rootObject = CEDCF72C2737C1C7007A86EC /* Project object */;
}
